// !$*UTF8*$!
{
	archiveVersion = 1;
	classes = {
	};
	objectVersion = 46;
	objects = {

/* Begin PBXBuildFile section */
		0167C87D31B89164A959C1AF /* Pods_loco.framework in Frameworks */ = {isa = PBXBuildFile; fileRef = A3B16717866347397B1DF15B /* Pods_loco.framework */; };
		1C1E4CF41D2095BE00A714C9 /* AppDelegate.swift in Sources */ = {isa = PBXBuildFile; fileRef = 1C1E4CF31D2095BE00A714C9 /* AppDelegate.swift */; };
		1C1E4CF61D2095BE00A714C9 /* ViewController.swift in Sources */ = {isa = PBXBuildFile; fileRef = 1C1E4CF51D2095BE00A714C9 /* ViewController.swift */; };
		1C1E4CF91D2095BE00A714C9 /* Main.storyboard in Resources */ = {isa = PBXBuildFile; fileRef = 1C1E4CF71D2095BE00A714C9 /* Main.storyboard */; };
		1C1E4CFB1D2095BE00A714C9 /* Assets.xcassets in Resources */ = {isa = PBXBuildFile; fileRef = 1C1E4CFA1D2095BE00A714C9 /* Assets.xcassets */; };
		1C1E4CFE1D2095BE00A714C9 /* LaunchScreen.storyboard in Resources */ = {isa = PBXBuildFile; fileRef = 1C1E4CFC1D2095BE00A714C9 /* LaunchScreen.storyboard */; };
		1C1E4D091D2095BE00A714C9 /* locoTests.swift in Sources */ = {isa = PBXBuildFile; fileRef = 1C1E4D081D2095BE00A714C9 /* locoTests.swift */; };
		1C1E4D141D2095BE00A714C9 /* locoUITests.swift in Sources */ = {isa = PBXBuildFile; fileRef = 1C1E4D131D2095BE00A714C9 /* locoUITests.swift */; };
		1C23A6321D303AD2007F563D /* TutorialPageContentController.swift in Sources */ = {isa = PBXBuildFile; fileRef = 1C23A6311D303AD2007F563D /* TutorialPageContentController.swift */; };
		1C7A04A31D37102D001B6924 /* BudgetPreferencesViewController.swift in Sources */ = {isa = PBXBuildFile; fileRef = 1C7A04A21D37102D001B6924 /* BudgetPreferencesViewController.swift */; };
		1CA39A7E1D2F163B000DAA01 /* TutorialPageViewController.swift in Sources */ = {isa = PBXBuildFile; fileRef = 1CA39A7D1D2F163B000DAA01 /* TutorialPageViewController.swift */; };
		1CABC8EA1D35C6BF00B8D30A /* CuisinePreferencesViewController.swift in Sources */ = {isa = PBXBuildFile; fileRef = 1CABC8E91D35C6BF00B8D30A /* CuisinePreferencesViewController.swift */; };
		2D31F70572AF1B158842435C /* Pods_locoUITests.framework in Frameworks */ = {isa = PBXBuildFile; fileRef = 6E8ED390AA0D9DDC050C246E /* Pods_locoUITests.framework */; };
		F577AB8314031A541F5BF158 /* Pods_locoTests.framework in Frameworks */ = {isa = PBXBuildFile; fileRef = 254079378B102A1CE73A028C /* Pods_locoTests.framework */; };
/* End PBXBuildFile section */

/* Begin PBXContainerItemProxy section */
		1C1E4D051D2095BE00A714C9 /* PBXContainerItemProxy */ = {
			isa = PBXContainerItemProxy;
			containerPortal = 1C1E4CE81D2095BE00A714C9 /* Project object */;
			proxyType = 1;
			remoteGlobalIDString = 1C1E4CEF1D2095BE00A714C9;
			remoteInfo = loco;
		};
		1C1E4D101D2095BE00A714C9 /* PBXContainerItemProxy */ = {
			isa = PBXContainerItemProxy;
			containerPortal = 1C1E4CE81D2095BE00A714C9 /* Project object */;
			proxyType = 1;
			remoteGlobalIDString = 1C1E4CEF1D2095BE00A714C9;
			remoteInfo = loco;
		};
/* End PBXContainerItemProxy section */

/* Begin PBXFileReference section */
		00E3E350471806609FC2998F /* Pods-loco.debug.xcconfig */ = {isa = PBXFileReference; includeInIndex = 1; lastKnownFileType = text.xcconfig; name = "Pods-loco.debug.xcconfig"; path = "Pods/Target Support Files/Pods-loco/Pods-loco.debug.xcconfig"; sourceTree = "<group>"; };
		1B3A172B0556A3676AB3AC78 /* Pods-locoUITests.release.xcconfig */ = {isa = PBXFileReference; includeInIndex = 1; lastKnownFileType = text.xcconfig; name = "Pods-locoUITests.release.xcconfig"; path = "Pods/Target Support Files/Pods-locoUITests/Pods-locoUITests.release.xcconfig"; sourceTree = "<group>"; };
		1C1E4CF01D2095BE00A714C9 /* loco.app */ = {isa = PBXFileReference; explicitFileType = wrapper.application; includeInIndex = 0; path = loco.app; sourceTree = BUILT_PRODUCTS_DIR; };
		1C1E4CF31D2095BE00A714C9 /* AppDelegate.swift */ = {isa = PBXFileReference; lastKnownFileType = sourcecode.swift; path = AppDelegate.swift; sourceTree = "<group>"; };
		1C1E4CF51D2095BE00A714C9 /* ViewController.swift */ = {isa = PBXFileReference; lastKnownFileType = sourcecode.swift; path = ViewController.swift; sourceTree = "<group>"; };
		1C1E4CF81D2095BE00A714C9 /* Base */ = {isa = PBXFileReference; lastKnownFileType = file.storyboard; name = Base; path = Base.lproj/Main.storyboard; sourceTree = "<group>"; };
		1C1E4CFA1D2095BE00A714C9 /* Assets.xcassets */ = {isa = PBXFileReference; lastKnownFileType = folder.assetcatalog; path = Assets.xcassets; sourceTree = "<group>"; };
		1C1E4CFD1D2095BE00A714C9 /* Base */ = {isa = PBXFileReference; lastKnownFileType = file.storyboard; name = Base; path = Base.lproj/LaunchScreen.storyboard; sourceTree = "<group>"; };
		1C1E4CFF1D2095BE00A714C9 /* Info.plist */ = {isa = PBXFileReference; lastKnownFileType = text.plist.xml; path = Info.plist; sourceTree = "<group>"; };
		1C1E4D041D2095BE00A714C9 /* locoTests.xctest */ = {isa = PBXFileReference; explicitFileType = wrapper.cfbundle; includeInIndex = 0; path = locoTests.xctest; sourceTree = BUILT_PRODUCTS_DIR; };
		1C1E4D081D2095BE00A714C9 /* locoTests.swift */ = {isa = PBXFileReference; lastKnownFileType = sourcecode.swift; path = locoTests.swift; sourceTree = "<group>"; };
		1C1E4D0A1D2095BE00A714C9 /* Info.plist */ = {isa = PBXFileReference; lastKnownFileType = text.plist.xml; path = Info.plist; sourceTree = "<group>"; };
		1C1E4D0F1D2095BE00A714C9 /* locoUITests.xctest */ = {isa = PBXFileReference; explicitFileType = wrapper.cfbundle; includeInIndex = 0; path = locoUITests.xctest; sourceTree = BUILT_PRODUCTS_DIR; };
		1C1E4D131D2095BE00A714C9 /* locoUITests.swift */ = {isa = PBXFileReference; lastKnownFileType = sourcecode.swift; path = locoUITests.swift; sourceTree = "<group>"; };
		1C1E4D151D2095BE00A714C9 /* Info.plist */ = {isa = PBXFileReference; lastKnownFileType = text.plist.xml; path = Info.plist; sourceTree = "<group>"; };
		1C23A6311D303AD2007F563D /* TutorialPageContentController.swift */ = {isa = PBXFileReference; fileEncoding = 4; lastKnownFileType = sourcecode.swift; path = TutorialPageContentController.swift; sourceTree = "<group>"; };
		1C743C291D28960C00CA622A /* loco-Bridging-Header.h */ = {isa = PBXFileReference; lastKnownFileType = sourcecode.c.h; path = "loco-Bridging-Header.h"; sourceTree = "<group>"; };
		1C7A04A21D37102D001B6924 /* BudgetPreferencesViewController.swift */ = {isa = PBXFileReference; fileEncoding = 4; lastKnownFileType = sourcecode.swift; path = BudgetPreferencesViewController.swift; sourceTree = "<group>"; };
		1C8788451D28F66A00CA0914 /* FBSDKCoreKit.framework */ = {isa = PBXFileReference; lastKnownFileType = wrapper.framework; name = FBSDKCoreKit.framework; path = "Pods/../build/Debug-iphoneos/FBSDKCoreKit/FBSDKCoreKit.framework"; sourceTree = "<group>"; };
		1C8788471D28F67200CA0914 /* FBSDKLoginKit.framework */ = {isa = PBXFileReference; lastKnownFileType = wrapper.framework; name = FBSDKLoginKit.framework; path = "Pods/../build/Debug-iphoneos/FBSDKLoginKit/FBSDKLoginKit.framework"; sourceTree = "<group>"; };
		1CA39A7D1D2F163B000DAA01 /* TutorialPageViewController.swift */ = {isa = PBXFileReference; fileEncoding = 4; lastKnownFileType = sourcecode.swift; path = TutorialPageViewController.swift; sourceTree = "<group>"; };
		1CABC8E91D35C6BF00B8D30A /* CuisinePreferencesViewController.swift */ = {isa = PBXFileReference; fileEncoding = 4; lastKnownFileType = sourcecode.swift; path = CuisinePreferencesViewController.swift; sourceTree = "<group>"; };
		254079378B102A1CE73A028C /* Pods_locoTests.framework */ = {isa = PBXFileReference; explicitFileType = wrapper.framework; includeInIndex = 0; path = Pods_locoTests.framework; sourceTree = BUILT_PRODUCTS_DIR; };
		66012A5D1A9752C5278998F4 /* Pods-locoUITests.debug.xcconfig */ = {isa = PBXFileReference; includeInIndex = 1; lastKnownFileType = text.xcconfig; name = "Pods-locoUITests.debug.xcconfig"; path = "Pods/Target Support Files/Pods-locoUITests/Pods-locoUITests.debug.xcconfig"; sourceTree = "<group>"; };
		6E8ED390AA0D9DDC050C246E /* Pods_locoUITests.framework */ = {isa = PBXFileReference; explicitFileType = wrapper.framework; includeInIndex = 0; path = Pods_locoUITests.framework; sourceTree = BUILT_PRODUCTS_DIR; };
		9E2AF02C76DF524367611042 /* Pods-loco.release.xcconfig */ = {isa = PBXFileReference; includeInIndex = 1; lastKnownFileType = text.xcconfig; name = "Pods-loco.release.xcconfig"; path = "Pods/Target Support Files/Pods-loco/Pods-loco.release.xcconfig"; sourceTree = "<group>"; };
		A3B16717866347397B1DF15B /* Pods_loco.framework */ = {isa = PBXFileReference; explicitFileType = wrapper.framework; includeInIndex = 0; path = Pods_loco.framework; sourceTree = BUILT_PRODUCTS_DIR; };
		C3D3546AD097462DDCD64AB8 /* Pods-locoTests.release.xcconfig */ = {isa = PBXFileReference; includeInIndex = 1; lastKnownFileType = text.xcconfig; name = "Pods-locoTests.release.xcconfig"; path = "Pods/Target Support Files/Pods-locoTests/Pods-locoTests.release.xcconfig"; sourceTree = "<group>"; };
		DE28E5A5F49302167CF40548 /* Pods-locoTests.debug.xcconfig */ = {isa = PBXFileReference; includeInIndex = 1; lastKnownFileType = text.xcconfig; name = "Pods-locoTests.debug.xcconfig"; path = "Pods/Target Support Files/Pods-locoTests/Pods-locoTests.debug.xcconfig"; sourceTree = "<group>"; };
/* End PBXFileReference section */

/* Begin PBXFrameworksBuildPhase section */
		1C1E4CED1D2095BE00A714C9 /* Frameworks */ = {
			isa = PBXFrameworksBuildPhase;
			buildActionMask = 2147483647;
			files = (
				0167C87D31B89164A959C1AF /* Pods_loco.framework in Frameworks */,
			);
			runOnlyForDeploymentPostprocessing = 0;
		};
		1C1E4D011D2095BE00A714C9 /* Frameworks */ = {
			isa = PBXFrameworksBuildPhase;
			buildActionMask = 2147483647;
			files = (
				F577AB8314031A541F5BF158 /* Pods_locoTests.framework in Frameworks */,
			);
			runOnlyForDeploymentPostprocessing = 0;
		};
		1C1E4D0C1D2095BE00A714C9 /* Frameworks */ = {
			isa = PBXFrameworksBuildPhase;
			buildActionMask = 2147483647;
			files = (
				2D31F70572AF1B158842435C /* Pods_locoUITests.framework in Frameworks */,
			);
			runOnlyForDeploymentPostprocessing = 0;
		};
/* End PBXFrameworksBuildPhase section */

/* Begin PBXGroup section */
		1C1E4CE71D2095BE00A714C9 = {
			isa = PBXGroup;
			children = (
				1C1E4CF21D2095BE00A714C9 /* loco */,
				1C1E4D071D2095BE00A714C9 /* locoTests */,
				1C1E4D121D2095BE00A714C9 /* locoUITests */,
				1C1E4CF11D2095BE00A714C9 /* Products */,
				9977609640622D566C2A4F31 /* Pods */,
				C09F7CEB81B876E2E2F1423F /* Frameworks */,
			);
			sourceTree = "<group>";
		};
		1C1E4CF11D2095BE00A714C9 /* Products */ = {
			isa = PBXGroup;
			children = (
				1C1E4CF01D2095BE00A714C9 /* loco.app */,
				1C1E4D041D2095BE00A714C9 /* locoTests.xctest */,
				1C1E4D0F1D2095BE00A714C9 /* locoUITests.xctest */,
			);
			name = Products;
			sourceTree = "<group>";
		};
		1C1E4CF21D2095BE00A714C9 /* loco */ = {
			isa = PBXGroup;
			children = (
				1C1E4CF31D2095BE00A714C9 /* AppDelegate.swift */,
				1C1E4CF51D2095BE00A714C9 /* ViewController.swift */,
				1C1E4CF71D2095BE00A714C9 /* Main.storyboard */,
				1C7A04A21D37102D001B6924 /* BudgetPreferencesViewController.swift */,
				1CABC8E91D35C6BF00B8D30A /* CuisinePreferencesViewController.swift */,
				1C23A6311D303AD2007F563D /* TutorialPageContentController.swift */,
				1CA39A7D1D2F163B000DAA01 /* TutorialPageViewController.swift */,
				1C1E4CFA1D2095BE00A714C9 /* Assets.xcassets */,
				1C1E4CFC1D2095BE00A714C9 /* LaunchScreen.storyboard */,
				1C743C2A1D28961100CA622A /* Supporting Files */,
			);
			path = loco;
			sourceTree = "<group>";
		};
		1C1E4D071D2095BE00A714C9 /* locoTests */ = {
			isa = PBXGroup;
			children = (
				1C1E4D081D2095BE00A714C9 /* locoTests.swift */,
				1C1E4D0A1D2095BE00A714C9 /* Info.plist */,
			);
			path = locoTests;
			sourceTree = "<group>";
		};
		1C1E4D121D2095BE00A714C9 /* locoUITests */ = {
			isa = PBXGroup;
			children = (
				1C1E4D131D2095BE00A714C9 /* locoUITests.swift */,
				1C1E4D151D2095BE00A714C9 /* Info.plist */,
			);
			path = locoUITests;
			sourceTree = "<group>";
		};
		1C743C2A1D28961100CA622A /* Supporting Files */ = {
			isa = PBXGroup;
			children = (
				1C1E4CFF1D2095BE00A714C9 /* Info.plist */,
				1C743C291D28960C00CA622A /* loco-Bridging-Header.h */,
			);
			name = "Supporting Files";
			sourceTree = "<group>";
		};
		9977609640622D566C2A4F31 /* Pods */ = {
			isa = PBXGroup;
			children = (
				00E3E350471806609FC2998F /* Pods-loco.debug.xcconfig */,
				9E2AF02C76DF524367611042 /* Pods-loco.release.xcconfig */,
				DE28E5A5F49302167CF40548 /* Pods-locoTests.debug.xcconfig */,
				C3D3546AD097462DDCD64AB8 /* Pods-locoTests.release.xcconfig */,
				66012A5D1A9752C5278998F4 /* Pods-locoUITests.debug.xcconfig */,
				1B3A172B0556A3676AB3AC78 /* Pods-locoUITests.release.xcconfig */,
			);
			name = Pods;
			sourceTree = "<group>";
		};
		C09F7CEB81B876E2E2F1423F /* Frameworks */ = {
			isa = PBXGroup;
			children = (
				1C8788471D28F67200CA0914 /* FBSDKLoginKit.framework */,
				1C8788451D28F66A00CA0914 /* FBSDKCoreKit.framework */,
				A3B16717866347397B1DF15B /* Pods_loco.framework */,
				254079378B102A1CE73A028C /* Pods_locoTests.framework */,
				6E8ED390AA0D9DDC050C246E /* Pods_locoUITests.framework */,
			);
			name = Frameworks;
			sourceTree = "<group>";
		};
/* End PBXGroup section */

/* Begin PBXNativeTarget section */
		1C1E4CEF1D2095BE00A714C9 /* loco */ = {
			isa = PBXNativeTarget;
			buildConfigurationList = 1C1E4D181D2095BE00A714C9 /* Build configuration list for PBXNativeTarget "loco" */;
			buildPhases = (
				D358EA830094C17F8529FE59 /* [CP] Check Pods Manifest.lock */,
				1C1E4CEC1D2095BE00A714C9 /* Sources */,
				1C1E4CED1D2095BE00A714C9 /* Frameworks */,
				1C1E4CEE1D2095BE00A714C9 /* Resources */,
				5C6E7031B6DD352FFC8CA353 /* [CP] Embed Pods Frameworks */,
				FB151AA19CFB1B261489F3AE /* [CP] Copy Pods Resources */,
			);
			buildRules = (
			);
			dependencies = (
			);
			name = loco;
			productName = loco;
			productReference = 1C1E4CF01D2095BE00A714C9 /* loco.app */;
			productType = "com.apple.product-type.application";
		};
		1C1E4D031D2095BE00A714C9 /* locoTests */ = {
			isa = PBXNativeTarget;
			buildConfigurationList = 1C1E4D1B1D2095BE00A714C9 /* Build configuration list for PBXNativeTarget "locoTests" */;
			buildPhases = (
				FC6BCB8A61B4AD9EEF2441B3 /* [CP] Check Pods Manifest.lock */,
				1C1E4D001D2095BE00A714C9 /* Sources */,
				1C1E4D011D2095BE00A714C9 /* Frameworks */,
				1C1E4D021D2095BE00A714C9 /* Resources */,
				1B82E636260F629FD8816400 /* [CP] Embed Pods Frameworks */,
				8BC3259F9FADEB185F594F06 /* [CP] Copy Pods Resources */,
			);
			buildRules = (
			);
			dependencies = (
				1C1E4D061D2095BE00A714C9 /* PBXTargetDependency */,
			);
			name = locoTests;
			productName = locoTests;
			productReference = 1C1E4D041D2095BE00A714C9 /* locoTests.xctest */;
			productType = "com.apple.product-type.bundle.unit-test";
		};
		1C1E4D0E1D2095BE00A714C9 /* locoUITests */ = {
			isa = PBXNativeTarget;
			buildConfigurationList = 1C1E4D1E1D2095BE00A714C9 /* Build configuration list for PBXNativeTarget "locoUITests" */;
			buildPhases = (
				76091104898B18860D5C0FBA /* [CP] Check Pods Manifest.lock */,
				1C1E4D0B1D2095BE00A714C9 /* Sources */,
				1C1E4D0C1D2095BE00A714C9 /* Frameworks */,
				1C1E4D0D1D2095BE00A714C9 /* Resources */,
				0CCF7DA253B8514C88C0EE51 /* [CP] Copy Pods Resources */,
			);
			buildRules = (
			);
			dependencies = (
				1C1E4D111D2095BE00A714C9 /* PBXTargetDependency */,
			);
			name = locoUITests;
			productName = locoUITests;
			productReference = 1C1E4D0F1D2095BE00A714C9 /* locoUITests.xctest */;
			productType = "com.apple.product-type.bundle.ui-testing";
		};
/* End PBXNativeTarget section */

/* Begin PBXProject section */
		1C1E4CE81D2095BE00A714C9 /* Project object */ = {
			isa = PBXProject;
			attributes = {
				LastSwiftUpdateCheck = 0730;
				LastUpgradeCheck = 0730;
				ORGANIZATIONNAME = "Rohan Nagesh";
				TargetAttributes = {
					1C1E4CEF1D2095BE00A714C9 = {
						CreatedOnToolsVersion = 7.3.1;
						DevelopmentTeam = PC3357CB29;
					};
					1C1E4D031D2095BE00A714C9 = {
						CreatedOnToolsVersion = 7.3.1;
						TestTargetID = 1C1E4CEF1D2095BE00A714C9;
					};
					1C1E4D0E1D2095BE00A714C9 = {
						CreatedOnToolsVersion = 7.3.1;
						TestTargetID = 1C1E4CEF1D2095BE00A714C9;
					};
				};
			};
			buildConfigurationList = 1C1E4CEB1D2095BE00A714C9 /* Build configuration list for PBXProject "loco" */;
			compatibilityVersion = "Xcode 3.2";
			developmentRegion = English;
			hasScannedForEncodings = 0;
			knownRegions = (
				en,
				Base,
			);
			mainGroup = 1C1E4CE71D2095BE00A714C9;
			productRefGroup = 1C1E4CF11D2095BE00A714C9 /* Products */;
			projectDirPath = "";
			projectRoot = "";
			targets = (
				1C1E4CEF1D2095BE00A714C9 /* loco */,
				1C1E4D031D2095BE00A714C9 /* locoTests */,
				1C1E4D0E1D2095BE00A714C9 /* locoUITests */,
			);
		};
/* End PBXProject section */

/* Begin PBXResourcesBuildPhase section */
		1C1E4CEE1D2095BE00A714C9 /* Resources */ = {
			isa = PBXResourcesBuildPhase;
			buildActionMask = 2147483647;
			files = (
				1C1E4CFE1D2095BE00A714C9 /* LaunchScreen.storyboard in Resources */,
				1C1E4CFB1D2095BE00A714C9 /* Assets.xcassets in Resources */,
				1C1E4CF91D2095BE00A714C9 /* Main.storyboard in Resources */,
			);
			runOnlyForDeploymentPostprocessing = 0;
		};
		1C1E4D021D2095BE00A714C9 /* Resources */ = {
			isa = PBXResourcesBuildPhase;
			buildActionMask = 2147483647;
			files = (
			);
			runOnlyForDeploymentPostprocessing = 0;
		};
		1C1E4D0D1D2095BE00A714C9 /* Resources */ = {
			isa = PBXResourcesBuildPhase;
			buildActionMask = 2147483647;
			files = (
			);
			runOnlyForDeploymentPostprocessing = 0;
		};
/* End PBXResourcesBuildPhase section */

/* Begin PBXShellScriptBuildPhase section */
		0CCF7DA253B8514C88C0EE51 /* [CP] Copy Pods Resources */ = {
			isa = PBXShellScriptBuildPhase;
			buildActionMask = 2147483647;
			files = (
			);
			inputPaths = (
			);
			name = "[CP] Copy Pods Resources";
			outputPaths = (
			);
			runOnlyForDeploymentPostprocessing = 0;
			shellPath = /bin/sh;
			shellScript = "\"${SRCROOT}/Pods/Target Support Files/Pods-locoUITests/Pods-locoUITests-resources.sh\"\n";
			showEnvVarsInLog = 0;
		};
		1B82E636260F629FD8816400 /* [CP] Embed Pods Frameworks */ = {
			isa = PBXShellScriptBuildPhase;
			buildActionMask = 2147483647;
			files = (
			);
			inputPaths = (
			);
			name = "[CP] Embed Pods Frameworks";
			outputPaths = (
			);
			runOnlyForDeploymentPostprocessing = 0;
			shellPath = /bin/sh;
			shellScript = "\"${SRCROOT}/Pods/Target Support Files/Pods-locoTests/Pods-locoTests-frameworks.sh\"\n";
			showEnvVarsInLog = 0;
		};
		5C6E7031B6DD352FFC8CA353 /* [CP] Embed Pods Frameworks */ = {
			isa = PBXShellScriptBuildPhase;
			buildActionMask = 2147483647;
			files = (
			);
			inputPaths = (
			);
			name = "[CP] Embed Pods Frameworks";
			outputPaths = (
			);
			runOnlyForDeploymentPostprocessing = 0;
			shellPath = /bin/sh;
			shellScript = "\"${SRCROOT}/Pods/Target Support Files/Pods-loco/Pods-loco-frameworks.sh\"\n";
			showEnvVarsInLog = 0;
		};
		76091104898B18860D5C0FBA /* [CP] Check Pods Manifest.lock */ = {
			isa = PBXShellScriptBuildPhase;
			buildActionMask = 2147483647;
			files = (
			);
			inputPaths = (
			);
			name = "[CP] Check Pods Manifest.lock";
			outputPaths = (
			);
			runOnlyForDeploymentPostprocessing = 0;
			shellPath = /bin/sh;
			shellScript = "diff \"${PODS_ROOT}/../Podfile.lock\" \"${PODS_ROOT}/Manifest.lock\" > /dev/null\nif [[ $? != 0 ]] ; then\n    cat << EOM\nerror: The sandbox is not in sync with the Podfile.lock. Run 'pod install' or update your CocoaPods installation.\nEOM\n    exit 1\nfi\n";
			showEnvVarsInLog = 0;
		};
		8BC3259F9FADEB185F594F06 /* [CP] Copy Pods Resources */ = {
			isa = PBXShellScriptBuildPhase;
			buildActionMask = 2147483647;
			files = (
			);
			inputPaths = (
			);
			name = "[CP] Copy Pods Resources";
			outputPaths = (
			);
			runOnlyForDeploymentPostprocessing = 0;
			shellPath = /bin/sh;
			shellScript = "\"${SRCROOT}/Pods/Target Support Files/Pods-locoTests/Pods-locoTests-resources.sh\"\n";
			showEnvVarsInLog = 0;
		};
		D358EA830094C17F8529FE59 /* [CP] Check Pods Manifest.lock */ = {
			isa = PBXShellScriptBuildPhase;
			buildActionMask = 2147483647;
			files = (
			);
			inputPaths = (
			);
			name = "[CP] Check Pods Manifest.lock";
			outputPaths = (
			);
			runOnlyForDeploymentPostprocessing = 0;
			shellPath = /bin/sh;
			shellScript = "diff \"${PODS_ROOT}/../Podfile.lock\" \"${PODS_ROOT}/Manifest.lock\" > /dev/null\nif [[ $? != 0 ]] ; then\n    cat << EOM\nerror: The sandbox is not in sync with the Podfile.lock. Run 'pod install' or update your CocoaPods installation.\nEOM\n    exit 1\nfi\n";
			showEnvVarsInLog = 0;
		};
		FB151AA19CFB1B261489F3AE /* [CP] Copy Pods Resources */ = {
			isa = PBXShellScriptBuildPhase;
			buildActionMask = 2147483647;
			files = (
			);
			inputPaths = (
			);
			name = "[CP] Copy Pods Resources";
			outputPaths = (
			);
			runOnlyForDeploymentPostprocessing = 0;
			shellPath = /bin/sh;
			shellScript = "\"${SRCROOT}/Pods/Target Support Files/Pods-loco/Pods-loco-resources.sh\"\n";
			showEnvVarsInLog = 0;
		};
		FC6BCB8A61B4AD9EEF2441B3 /* [CP] Check Pods Manifest.lock */ = {
			isa = PBXShellScriptBuildPhase;
			buildActionMask = 2147483647;
			files = (
			);
			inputPaths = (
			);
			name = "[CP] Check Pods Manifest.lock";
			outputPaths = (
			);
			runOnlyForDeploymentPostprocessing = 0;
			shellPath = /bin/sh;
			shellScript = "diff \"${PODS_ROOT}/../Podfile.lock\" \"${PODS_ROOT}/Manifest.lock\" > /dev/null\nif [[ $? != 0 ]] ; then\n    cat << EOM\nerror: The sandbox is not in sync with the Podfile.lock. Run 'pod install' or update your CocoaPods installation.\nEOM\n    exit 1\nfi\n";
			showEnvVarsInLog = 0;
		};
/* End PBXShellScriptBuildPhase section */

/* Begin PBXSourcesBuildPhase section */
		1C1E4CEC1D2095BE00A714C9 /* Sources */ = {
			isa = PBXSourcesBuildPhase;
			buildActionMask = 2147483647;
			files = (
				1C1E4CF61D2095BE00A714C9 /* ViewController.swift in Sources */,
				1C1E4CF41D2095BE00A714C9 /* AppDelegate.swift in Sources */,
				1C7A04A31D37102D001B6924 /* BudgetPreferencesViewController.swift in Sources */,
				1CABC8EA1D35C6BF00B8D30A /* CuisinePreferencesViewController.swift in Sources */,
				1C23A6321D303AD2007F563D /* TutorialPageContentController.swift in Sources */,
				1CA39A7E1D2F163B000DAA01 /* TutorialPageViewController.swift in Sources */,
			);
			runOnlyForDeploymentPostprocessing = 0;
		};
		1C1E4D001D2095BE00A714C9 /* Sources */ = {
			isa = PBXSourcesBuildPhase;
			buildActionMask = 2147483647;
			files = (
				1C1E4D091D2095BE00A714C9 /* locoTests.swift in Sources */,
			);
			runOnlyForDeploymentPostprocessing = 0;
		};
		1C1E4D0B1D2095BE00A714C9 /* Sources */ = {
			isa = PBXSourcesBuildPhase;
			buildActionMask = 2147483647;
			files = (
				1C1E4D141D2095BE00A714C9 /* locoUITests.swift in Sources */,
			);
			runOnlyForDeploymentPostprocessing = 0;
		};
/* End PBXSourcesBuildPhase section */

/* Begin PBXTargetDependency section */
		1C1E4D061D2095BE00A714C9 /* PBXTargetDependency */ = {
			isa = PBXTargetDependency;
			target = 1C1E4CEF1D2095BE00A714C9 /* loco */;
			targetProxy = 1C1E4D051D2095BE00A714C9 /* PBXContainerItemProxy */;
		};
		1C1E4D111D2095BE00A714C9 /* PBXTargetDependency */ = {
			isa = PBXTargetDependency;
			target = 1C1E4CEF1D2095BE00A714C9 /* loco */;
			targetProxy = 1C1E4D101D2095BE00A714C9 /* PBXContainerItemProxy */;
		};
/* End PBXTargetDependency section */

/* Begin PBXVariantGroup section */
		1C1E4CF71D2095BE00A714C9 /* Main.storyboard */ = {
			isa = PBXVariantGroup;
			children = (
				1C1E4CF81D2095BE00A714C9 /* Base */,
			);
			name = Main.storyboard;
			sourceTree = "<group>";
		};
		1C1E4CFC1D2095BE00A714C9 /* LaunchScreen.storyboard */ = {
			isa = PBXVariantGroup;
			children = (
				1C1E4CFD1D2095BE00A714C9 /* Base */,
			);
			name = LaunchScreen.storyboard;
			sourceTree = "<group>";
		};
/* End PBXVariantGroup section */

/* Begin XCBuildConfiguration section */
		1C1E4D161D2095BE00A714C9 /* Debug */ = {
			isa = XCBuildConfiguration;
			buildSettings = {
				ALWAYS_SEARCH_USER_PATHS = NO;
				CLANG_ANALYZER_NONNULL = YES;
				CLANG_CXX_LANGUAGE_STANDARD = "gnu++0x";
				CLANG_CXX_LIBRARY = "libc++";
				CLANG_ENABLE_MODULES = YES;
				CLANG_ENABLE_OBJC_ARC = YES;
				CLANG_WARN_BOOL_CONVERSION = YES;
				CLANG_WARN_CONSTANT_CONVERSION = YES;
				CLANG_WARN_DIRECT_OBJC_ISA_USAGE = YES_ERROR;
				CLANG_WARN_EMPTY_BODY = YES;
				CLANG_WARN_ENUM_CONVERSION = YES;
				CLANG_WARN_INT_CONVERSION = YES;
				CLANG_WARN_OBJC_ROOT_CLASS = YES_ERROR;
				CLANG_WARN_UNREACHABLE_CODE = YES;
				CLANG_WARN__DUPLICATE_METHOD_MATCH = YES;
				"CODE_SIGN_IDENTITY[sdk=iphoneos*]" = "iPhone Developer";
				COPY_PHASE_STRIP = NO;
				DEBUG_INFORMATION_FORMAT = dwarf;
				ENABLE_STRICT_OBJC_MSGSEND = YES;
				ENABLE_TESTABILITY = YES;
				GCC_C_LANGUAGE_STANDARD = gnu99;
				GCC_DYNAMIC_NO_PIC = NO;
				GCC_NO_COMMON_BLOCKS = YES;
				GCC_OPTIMIZATION_LEVEL = 0;
				GCC_PREPROCESSOR_DEFINITIONS = (
					"DEBUG=1",
					"$(inherited)",
				);
				GCC_WARN_64_TO_32_BIT_CONVERSION = YES;
				GCC_WARN_ABOUT_RETURN_TYPE = YES_ERROR;
				GCC_WARN_UNDECLARED_SELECTOR = YES;
				GCC_WARN_UNINITIALIZED_AUTOS = YES_AGGRESSIVE;
				GCC_WARN_UNUSED_FUNCTION = YES;
				GCC_WARN_UNUSED_VARIABLE = YES;
				IPHONEOS_DEPLOYMENT_TARGET = 9.3;
				MTL_ENABLE_DEBUG_INFO = YES;
				ONLY_ACTIVE_ARCH = YES;
				SDKROOT = iphoneos;
				SWIFT_OPTIMIZATION_LEVEL = "-Onone";
			};
			name = Debug;
		};
		1C1E4D171D2095BE00A714C9 /* Release */ = {
			isa = XCBuildConfiguration;
			buildSettings = {
				ALWAYS_SEARCH_USER_PATHS = NO;
				CLANG_ANALYZER_NONNULL = YES;
				CLANG_CXX_LANGUAGE_STANDARD = "gnu++0x";
				CLANG_CXX_LIBRARY = "libc++";
				CLANG_ENABLE_MODULES = YES;
				CLANG_ENABLE_OBJC_ARC = YES;
				CLANG_WARN_BOOL_CONVERSION = YES;
				CLANG_WARN_CONSTANT_CONVERSION = YES;
				CLANG_WARN_DIRECT_OBJC_ISA_USAGE = YES_ERROR;
				CLANG_WARN_EMPTY_BODY = YES;
				CLANG_WARN_ENUM_CONVERSION = YES;
				CLANG_WARN_INT_CONVERSION = YES;
				CLANG_WARN_OBJC_ROOT_CLASS = YES_ERROR;
				CLANG_WARN_UNREACHABLE_CODE = YES;
				CLANG_WARN__DUPLICATE_METHOD_MATCH = YES;
				"CODE_SIGN_IDENTITY[sdk=iphoneos*]" = "iPhone Developer";
				COPY_PHASE_STRIP = NO;
				DEBUG_INFORMATION_FORMAT = "dwarf-with-dsym";
				ENABLE_NS_ASSERTIONS = NO;
				ENABLE_STRICT_OBJC_MSGSEND = YES;
				GCC_C_LANGUAGE_STANDARD = gnu99;
				GCC_NO_COMMON_BLOCKS = YES;
				GCC_WARN_64_TO_32_BIT_CONVERSION = YES;
				GCC_WARN_ABOUT_RETURN_TYPE = YES_ERROR;
				GCC_WARN_UNDECLARED_SELECTOR = YES;
				GCC_WARN_UNINITIALIZED_AUTOS = YES_AGGRESSIVE;
				GCC_WARN_UNUSED_FUNCTION = YES;
				GCC_WARN_UNUSED_VARIABLE = YES;
				IPHONEOS_DEPLOYMENT_TARGET = 9.3;
				MTL_ENABLE_DEBUG_INFO = NO;
				SDKROOT = iphoneos;
				VALIDATE_PRODUCT = YES;
			};
			name = Release;
		};
		1C1E4D191D2095BE00A714C9 /* Debug */ = {
			isa = XCBuildConfiguration;
			baseConfigurationReference = 00E3E350471806609FC2998F /* Pods-loco.debug.xcconfig */;
			buildSettings = {
				ASSETCATALOG_COMPILER_APPICON_NAME = AppIcon;
				CODE_SIGN_IDENTITY = "iPhone Developer";
				FRAMEWORK_SEARCH_PATHS = (
					"$(inherited)",
					"$(PROJECT_DIR)/build/Debug-iphoneos/FBSDKCoreKit",
					"$(PROJECT_DIR)/build/Debug-iphoneos/FBSDKLoginKit",
				);
				INFOPLIST_FILE = loco/Info.plist;
				LD_RUNPATH_SEARCH_PATHS = "$(inherited) @executable_path/Frameworks";
				PRODUCT_BUNDLE_IDENTIFIER = com.getlocoapp.loco;
				PRODUCT_NAME = "$(TARGET_NAME)";
			};
			name = Debug;
		};
		1C1E4D1A1D2095BE00A714C9 /* Release */ = {
			isa = XCBuildConfiguration;
			baseConfigurationReference = 9E2AF02C76DF524367611042 /* Pods-loco.release.xcconfig */;
			buildSettings = {
				ASSETCATALOG_COMPILER_APPICON_NAME = AppIcon;
				CODE_SIGN_IDENTITY = "iPhone Developer";
				FRAMEWORK_SEARCH_PATHS = (
					"$(inherited)",
					"$(PROJECT_DIR)/build/Debug-iphoneos/FBSDKCoreKit",
					"$(PROJECT_DIR)/build/Debug-iphoneos/FBSDKLoginKit",
				);
				INFOPLIST_FILE = loco/Info.plist;
				LD_RUNPATH_SEARCH_PATHS = "$(inherited) @executable_path/Frameworks";
				PRODUCT_BUNDLE_IDENTIFIER = com.getlocoapp.loco;
				PRODUCT_NAME = "$(TARGET_NAME)";
			};
			name = Release;
		};
		1C1E4D1C1D2095BE00A714C9 /* Debug */ = {
			isa = XCBuildConfiguration;
			baseConfigurationReference = DE28E5A5F49302167CF40548 /* Pods-locoTests.debug.xcconfig */;
			buildSettings = {
				BUNDLE_LOADER = "$(TEST_HOST)";
				INFOPLIST_FILE = locoTests/Info.plist;
				LD_RUNPATH_SEARCH_PATHS = "$(inherited) @executable_path/Frameworks @loader_path/Frameworks";
				PRODUCT_BUNDLE_IDENTIFIER = com.getlocoapp.locoTests;
				PRODUCT_NAME = "$(TARGET_NAME)";
				TEST_HOST = "$(BUILT_PRODUCTS_DIR)/loco.app/loco";
			};
			name = Debug;
		};
		1C1E4D1D1D2095BE00A714C9 /* Release */ = {
			isa = XCBuildConfiguration;
			baseConfigurationReference = C3D3546AD097462DDCD64AB8 /* Pods-locoTests.release.xcconfig */;
			buildSettings = {
				BUNDLE_LOADER = "$(TEST_HOST)";
				INFOPLIST_FILE = locoTests/Info.plist;
				LD_RUNPATH_SEARCH_PATHS = "$(inherited) @executable_path/Frameworks @loader_path/Frameworks";
				PRODUCT_BUNDLE_IDENTIFIER = com.getlocoapp.locoTests;
				PRODUCT_NAME = "$(TARGET_NAME)";
				TEST_HOST = "$(BUILT_PRODUCTS_DIR)/loco.app/loco";
			};
			name = Release;
		};
		1C1E4D1F1D2095BE00A714C9 /* Debug */ = {
			isa = XCBuildConfiguration;
			baseConfigurationReference = 66012A5D1A9752C5278998F4 /* Pods-locoUITests.debug.xcconfig */;
			buildSettings = {
				INFOPLIST_FILE = locoUITests/Info.plist;
				LD_RUNPATH_SEARCH_PATHS = "$(inherited) @executable_path/Frameworks @loader_path/Frameworks";
				PRODUCT_BUNDLE_IDENTIFIER = com.getlocoapp.locoUITests;
				PRODUCT_NAME = "$(TARGET_NAME)";
				TEST_TARGET_NAME = loco;
			};
			name = Debug;
		};
		1C1E4D201D2095BE00A714C9 /* Release */ = {
			isa = XCBuildConfiguration;
			baseConfigurationReference = 1B3A172B0556A3676AB3AC78 /* Pods-locoUITests.release.xcconfig */;
			buildSettings = {
				INFOPLIST_FILE = locoUITests/Info.plist;
				LD_RUNPATH_SEARCH_PATHS = "$(inherited) @executable_path/Frameworks @loader_path/Frameworks";
				PRODUCT_BUNDLE_IDENTIFIER = com.getlocoapp.locoUITests;
				PRODUCT_NAME = "$(TARGET_NAME)";
				TEST_TARGET_NAME = loco;
			};
			name = Release;
		};
/* End XCBuildConfiguration section */

/* Begin XCConfigurationList section */
		1C1E4CEB1D2095BE00A714C9 /* Build configuration list for PBXProject "loco" */ = {
			isa = XCConfigurationList;
			buildConfigurations = (
				1C1E4D161D2095BE00A714C9 /* Debug */,
				1C1E4D171D2095BE00A714C9 /* Release */,
			);
			defaultConfigurationIsVisible = 0;
			defaultConfigurationName = Release;
		};
		1C1E4D181D2095BE00A714C9 /* Build configuration list for PBXNativeTarget "loco" */ = {
			isa = XCConfigurationList;
			buildConfigurations = (
				1C1E4D191D2095BE00A714C9 /* Debug */,
				1C1E4D1A1D2095BE00A714C9 /* Release */,
			);
			defaultConfigurationIsVisible = 0;
			defaultConfigurationName = Release;
		};
		1C1E4D1B1D2095BE00A714C9 /* Build configuration list for PBXNativeTarget "locoTests" */ = {
			isa = XCConfigurationList;
			buildConfigurations = (
				1C1E4D1C1D2095BE00A714C9 /* Debug */,
				1C1E4D1D1D2095BE00A714C9 /* Release */,
			);
			defaultConfigurationIsVisible = 0;
			defaultConfigurationName = Release;
		};
		1C1E4D1E1D2095BE00A714C9 /* Build configuration list for PBXNativeTarget "locoUITests" */ = {
			isa = XCConfigurationList;
			buildConfigurations = (
				1C1E4D1F1D2095BE00A714C9 /* Debug */,
				1C1E4D201D2095BE00A714C9 /* Release */,
			);
			defaultConfigurationIsVisible = 0;
			defaultConfigurationName = Release;
		};
/* End XCConfigurationList section */
	};
	rootObject = 1C1E4CE81D2095BE00A714C9 /* Project object */;
}
