// !$*UTF8*$!
{
	archiveVersion = 1;
	classes = {
	};
	objectVersion = 46;
	objects = {

/* Begin PBXBuildFile section */
		0167C87D31B89164A959C1AF /* Pods_loco.framework in Frameworks */ = {isa = PBXBuildFile; fileRef = A3B16717866347397B1DF15B /* Pods_loco.framework */; };
		1C1E4CF41D2095BE00A714C9 /* AppDelegate.swift in Sources */ = {isa = PBXBuildFile; fileRef = 1C1E4CF31D2095BE00A714C9 /* AppDelegate.swift */; };
		1C1E4CF61D2095BE00A714C9 /* ViewController.swift in Sources */ = {isa = PBXBuildFile; fileRef = 1C1E4CF51D2095BE00A714C9 /* ViewController.swift */; };
		1C1E4CF91D2095BE00A714C9 /* Main.storyboard in Resources */ = {isa = PBXBuildFile; fileRef = 1C1E4CF71D2095BE00A714C9 /* Main.storyboard */; };
		1C1E4CFB1D2095BE00A714C9 /* Assets.xcassets in Resources */ = {isa = PBXBuildFile; fileRef = 1C1E4CFA1D2095BE00A714C9 /* Assets.xcassets */; };
		1C1E4CFE1D2095BE00A714C9 /* LaunchScreen.storyboard in Resources */ = {isa = PBXBuildFile; fileRef = 1C1E4CFC1D2095BE00A714C9 /* LaunchScreen.storyboard */; };
		1C1E4D091D2095BE00A714C9 /* locoTests.swift in Sources */ = {isa = PBXBuildFile; fileRef = 1C1E4D081D2095BE00A714C9 /* locoTests.swift */; };
		1C1E4D141D2095BE00A714C9 /* locoUITests.swift in Sources */ = {isa = PBXBuildFile; fileRef = 1C1E4D131D2095BE00A714C9 /* locoUITests.swift */; };
		1C23A6321D303AD2007F563D /* TutorialPageContentController.swift in Sources */ = {isa = PBXBuildFile; fileRef = 1C23A6311D303AD2007F563D /* TutorialPageContentController.swift */; };
		1C369CD31D46F237003F8A20 /* Login.storyboard in Resources */ = {isa = PBXBuildFile; fileRef = 1C369CD21D46F237003F8A20 /* Login.storyboard */; };
		1C369CD51D4709C4003F8A20 /* LoginViewController.swift in Sources */ = {isa = PBXBuildFile; fileRef = 1C369CD41D4709C4003F8A20 /* LoginViewController.swift */; };
		1C369CD71D47E1FE003F8A20 /* LoginDetailsViewController.swift in Sources */ = {isa = PBXBuildFile; fileRef = 1C369CD61D47E1FE003F8A20 /* LoginDetailsViewController.swift */; };
		1C369CD91D483C4F003F8A20 /* ReceiptPageViewController.swift in Sources */ = {isa = PBXBuildFile; fileRef = 1C369CD81D483C4F003F8A20 /* ReceiptPageViewController.swift */; };
		1C40F0B51D516AFA00010BF4 /* LabelTextFieldTableViewCell.swift in Sources */ = {isa = PBXBuildFile; fileRef = 1C40F0B41D516AFA00010BF4 /* LabelTextFieldTableViewCell.swift */; };
		1C40F0B71D516FBB00010BF4 /* LabelSwitchTableViewCell.swift in Sources */ = {isa = PBXBuildFile; fileRef = 1C40F0B61D516FBB00010BF4 /* LabelSwitchTableViewCell.swift */; };
		1C4473441D414393007605BF /* ConfirmScheduleViewController.swift in Sources */ = {isa = PBXBuildFile; fileRef = 1C4473431D414393007605BF /* ConfirmScheduleViewController.swift */; };
		1C4473461D4176D2007605BF /* Reservation.swift in Sources */ = {isa = PBXBuildFile; fileRef = 1C4473451D4176D2007605BF /* Reservation.swift */; };
		1C4473481D41903D007605BF /* Extensions.swift in Sources */ = {isa = PBXBuildFile; fileRef = 1C4473471D41903D007605BF /* Extensions.swift */; };
		1C44734C1D4410CB007605BF /* ObtainUserCurrentLocationViewController.swift in Sources */ = {isa = PBXBuildFile; fileRef = 1C44734B1D4410CB007605BF /* ObtainUserCurrentLocationViewController.swift */; };
		1C4F0E351D56C08E00BDADDB /* ReviewViewController.swift in Sources */ = {isa = PBXBuildFile; fileRef = 1C4F0E341D56C08E00BDADDB /* ReviewViewController.swift */; };
		1C57C48D1D51614700CC4BFE /* Profile.storyboard in Resources */ = {isa = PBXBuildFile; fileRef = 1C57C48C1D51614700CC4BFE /* Profile.storyboard */; };
		1C57C4931D5164EC00CC4BFE /* UserInfoViewController.swift in Sources */ = {isa = PBXBuildFile; fileRef = 1C57C4921D5164EC00CC4BFE /* UserInfoViewController.swift */; };
		1C778ACF1D64E7D600FE324A /* EmbeddedUberViewController.swift in Sources */ = {isa = PBXBuildFile; fileRef = 1C778ACE1D64E7D600FE324A /* EmbeddedUberViewController.swift */; };
		1C7A04A31D37102D001B6924 /* BudgetPreferencesViewController.swift in Sources */ = {isa = PBXBuildFile; fileRef = 1C7A04A21D37102D001B6924 /* BudgetPreferencesViewController.swift */; };
		1C7A04A71D39926A001B6924 /* ManualLocationViewController.swift in Sources */ = {isa = PBXBuildFile; fileRef = 1C7A04A61D39926A001B6924 /* ManualLocationViewController.swift */; };
		1CA39A7E1D2F163B000DAA01 /* TutorialPageViewController.swift in Sources */ = {isa = PBXBuildFile; fileRef = 1CA39A7D1D2F163B000DAA01 /* TutorialPageViewController.swift */; };
		1CABC8EA1D35C6BF00B8D30A /* CuisinePreferencesViewController.swift in Sources */ = {isa = PBXBuildFile; fileRef = 1CABC8E91D35C6BF00B8D30A /* CuisinePreferencesViewController.swift */; };
		1CAEFCF21D67B2740014BA6F /* ReservationPopoverViewController.swift in Sources */ = {isa = PBXBuildFile; fileRef = 1CAEFCF11D67B2740014BA6F /* ReservationPopoverViewController.swift */; };
		1CAEFCF41D69127B0014BA6F /* ReviewCompleteViewController.swift in Sources */ = {isa = PBXBuildFile; fileRef = 1CAEFCF31D69127B0014BA6F /* ReviewCompleteViewController.swift */; };
		1CAEFCF61D691D050014BA6F /* CancelConfirmationViewController.swift in Sources */ = {isa = PBXBuildFile; fileRef = 1CAEFCF51D691D050014BA6F /* CancelConfirmationViewController.swift */; };
		1CAEFCF81D693D420014BA6F /* HistoryViewController.swift in Sources */ = {isa = PBXBuildFile; fileRef = 1CAEFCF71D693D420014BA6F /* HistoryViewController.swift */; };
		1CAEFCFA1D6982120014BA6F /* HistoryTableViewCell.swift in Sources */ = {isa = PBXBuildFile; fileRef = 1CAEFCF91D6982120014BA6F /* HistoryTableViewCell.swift */; };
		1CAEFCFC1D6A59E50014BA6F /* Review.swift in Sources */ = {isa = PBXBuildFile; fileRef = 1CAEFCFB1D6A59E50014BA6F /* Review.swift */; };
		1CAEFD001D6ADA080014BA6F /* NoResultsViewController.swift in Sources */ = {isa = PBXBuildFile; fileRef = 1CAEFCFF1D6ADA080014BA6F /* NoResultsViewController.swift */; };
		1CAEFD021D6BE8420014BA6F /* CoreTabBarController.swift in Sources */ = {isa = PBXBuildFile; fileRef = 1CAEFD011D6BE8420014BA6F /* CoreTabBarController.swift */; };
		1CAEFD1A1D6E75AF0014BA6F /* OFL.txt in Resources */ = {isa = PBXBuildFile; fileRef = 1CAEFD191D6E75AF0014BA6F /* OFL.txt */; };
		1CAEFD1C1D6E75BA0014BA6F /* OFL.txt in Resources */ = {isa = PBXBuildFile; fileRef = 1CAEFD1B1D6E75BA0014BA6F /* OFL.txt */; };
		1CAEFD1E1D6E75C50014BA6F /* OFL.txt in Resources */ = {isa = PBXBuildFile; fileRef = 1CAEFD1D1D6E75C50014BA6F /* OFL.txt */; };
		1CAEFD2C1D6E76260014BA6F /* OFL.txt in Resources */ = {isa = PBXBuildFile; fileRef = 1CAEFD1F1D6E76260014BA6F /* OFL.txt */; };
		1CAEFD2D1D6E76260014BA6F /* SourceSansPro-Black.ttf in Resources */ = {isa = PBXBuildFile; fileRef = 1CAEFD201D6E76260014BA6F /* SourceSansPro-Black.ttf */; };
		1CAEFD2E1D6E76260014BA6F /* SourceSansPro-BlackItalic.ttf in Resources */ = {isa = PBXBuildFile; fileRef = 1CAEFD211D6E76260014BA6F /* SourceSansPro-BlackItalic.ttf */; };
		1CAEFD2F1D6E76260014BA6F /* SourceSansPro-Bold.ttf in Resources */ = {isa = PBXBuildFile; fileRef = 1CAEFD221D6E76260014BA6F /* SourceSansPro-Bold.ttf */; };
		1CAEFD301D6E76260014BA6F /* SourceSansPro-BoldItalic.ttf in Resources */ = {isa = PBXBuildFile; fileRef = 1CAEFD231D6E76260014BA6F /* SourceSansPro-BoldItalic.ttf */; };
		1CAEFD311D6E76260014BA6F /* SourceSansPro-ExtraLight.ttf in Resources */ = {isa = PBXBuildFile; fileRef = 1CAEFD241D6E76260014BA6F /* SourceSansPro-ExtraLight.ttf */; };
		1CAEFD321D6E76260014BA6F /* SourceSansPro-ExtraLightItalic.ttf in Resources */ = {isa = PBXBuildFile; fileRef = 1CAEFD251D6E76260014BA6F /* SourceSansPro-ExtraLightItalic.ttf */; };
		1CAEFD331D6E76260014BA6F /* SourceSansPro-Italic.ttf in Resources */ = {isa = PBXBuildFile; fileRef = 1CAEFD261D6E76260014BA6F /* SourceSansPro-Italic.ttf */; };
		1CAEFD341D6E76260014BA6F /* SourceSansPro-Light.ttf in Resources */ = {isa = PBXBuildFile; fileRef = 1CAEFD271D6E76260014BA6F /* SourceSansPro-Light.ttf */; };
		1CAEFD351D6E76260014BA6F /* SourceSansPro-LightItalic.ttf in Resources */ = {isa = PBXBuildFile; fileRef = 1CAEFD281D6E76260014BA6F /* SourceSansPro-LightItalic.ttf */; };
		1CAEFD361D6E76260014BA6F /* SourceSansPro-Regular.ttf in Resources */ = {isa = PBXBuildFile; fileRef = 1CAEFD291D6E76260014BA6F /* SourceSansPro-Regular.ttf */; };
		1CAEFD371D6E76260014BA6F /* SourceSansPro-Semibold.ttf in Resources */ = {isa = PBXBuildFile; fileRef = 1CAEFD2A1D6E76260014BA6F /* SourceSansPro-Semibold.ttf */; };
		1CAEFD381D6E76260014BA6F /* SourceSansPro-SemiboldItalic.ttf in Resources */ = {isa = PBXBuildFile; fileRef = 1CAEFD2B1D6E76260014BA6F /* SourceSansPro-SemiboldItalic.ttf */; };
		1CAEFD391D6E766D0014BA6F /* Lato-Regular.ttf in Resources */ = {isa = PBXBuildFile; fileRef = 1CAEFD0D1D6E74870014BA6F /* Lato-Regular.ttf */; };
		1CAEFD3A1D6E771A0014BA6F /* Lato-Black.ttf in Resources */ = {isa = PBXBuildFile; fileRef = 1CAEFD041D6E74870014BA6F /* Lato-Black.ttf */; };
		1CAEFD3B1D6E771A0014BA6F /* Lato-BlackItalic.ttf in Resources */ = {isa = PBXBuildFile; fileRef = 1CAEFD051D6E74870014BA6F /* Lato-BlackItalic.ttf */; };
		1CAEFD3C1D6E771A0014BA6F /* Lato-Bold.ttf in Resources */ = {isa = PBXBuildFile; fileRef = 1CAEFD061D6E74870014BA6F /* Lato-Bold.ttf */; };
		1CAEFD3D1D6E771A0014BA6F /* Lato-BoldItalic.ttf in Resources */ = {isa = PBXBuildFile; fileRef = 1CAEFD071D6E74870014BA6F /* Lato-BoldItalic.ttf */; };
		1CAEFD3E1D6E771A0014BA6F /* Lato-Hairline.ttf in Resources */ = {isa = PBXBuildFile; fileRef = 1CAEFD081D6E74870014BA6F /* Lato-Hairline.ttf */; };
		1CAEFD3F1D6E771A0014BA6F /* Lato-HairlineItalic.ttf in Resources */ = {isa = PBXBuildFile; fileRef = 1CAEFD091D6E74870014BA6F /* Lato-HairlineItalic.ttf */; };
		1CAEFD401D6E771A0014BA6F /* Lato-Italic.ttf in Resources */ = {isa = PBXBuildFile; fileRef = 1CAEFD0A1D6E74870014BA6F /* Lato-Italic.ttf */; };
		1CAEFD411D6E771A0014BA6F /* Lato-Light.ttf in Resources */ = {isa = PBXBuildFile; fileRef = 1CAEFD0B1D6E74870014BA6F /* Lato-Light.ttf */; };
		1CAEFD421D6E771A0014BA6F /* Lato-LightItalic.ttf in Resources */ = {isa = PBXBuildFile; fileRef = 1CAEFD0C1D6E74870014BA6F /* Lato-LightItalic.ttf */; };
		1CAEFD431D6E77320014BA6F /* Montserrat-Bold.ttf in Resources */ = {isa = PBXBuildFile; fileRef = 1CAEFD111D6E75210014BA6F /* Montserrat-Bold.ttf */; };
		1CAEFD441D6E77320014BA6F /* Montserrat-Regular.ttf in Resources */ = {isa = PBXBuildFile; fileRef = 1CAEFD121D6E75210014BA6F /* Montserrat-Regular.ttf */; };
		1CAEFD451D6E77530014BA6F /* Muli-Italic.ttf in Resources */ = {isa = PBXBuildFile; fileRef = 1CAEFD151D6E75850014BA6F /* Muli-Italic.ttf */; };
		1CAEFD461D6E77530014BA6F /* Muli-Light.ttf in Resources */ = {isa = PBXBuildFile; fileRef = 1CAEFD161D6E75850014BA6F /* Muli-Light.ttf */; };
		1CAEFD471D6E77530014BA6F /* Muli-LightItalic.ttf in Resources */ = {isa = PBXBuildFile; fileRef = 1CAEFD171D6E75850014BA6F /* Muli-LightItalic.ttf */; };
		1CAEFD481D6E77530014BA6F /* Muli-Regular.ttf in Resources */ = {isa = PBXBuildFile; fileRef = 1CAEFD181D6E75850014BA6F /* Muli-Regular.ttf */; };
		1CD25A141D3AB93100751A68 /* ProfileViewController.swift in Sources */ = {isa = PBXBuildFile; fileRef = 1CD25A131D3AB93100751A68 /* ProfileViewController.swift */; };
		1CD25A1C1D3ABBD500751A68 /* RecommendationsPageViewController.swift in Sources */ = {isa = PBXBuildFile; fileRef = 1CD25A1B1D3ABBD500751A68 /* RecommendationsPageViewController.swift */; };
		1CD25A1E1D3ABC5600751A68 /* RecommendationsContentViewController.swift in Sources */ = {isa = PBXBuildFile; fileRef = 1CD25A1D1D3ABC5600751A68 /* RecommendationsContentViewController.swift */; };
		1CD25A201D3B050700751A68 /* WelcomeViewController.swift in Sources */ = {isa = PBXBuildFile; fileRef = 1CD25A1F1D3B050700751A68 /* WelcomeViewController.swift */; };
		1CD25A5C1D3D7EE700751A68 /* Restaurant.swift in Sources */ = {isa = PBXBuildFile; fileRef = 1CD25A5B1D3D7EE700751A68 /* Restaurant.swift */; };
		1CD25A5E1D3D80CE00751A68 /* RestaurantCuisines.swift in Sources */ = {isa = PBXBuildFile; fileRef = 1CD25A5D1D3D80CE00751A68 /* RestaurantCuisines.swift */; };
		1CD25A601D3D826800751A68 /* RestaurantBudgetRatings.swift in Sources */ = {isa = PBXBuildFile; fileRef = 1CD25A5F1D3D826800751A68 /* RestaurantBudgetRatings.swift */; };
		1CD25A621D3F0B4C00751A68 /* Core.storyboard in Resources */ = {isa = PBXBuildFile; fileRef = 1CD25A611D3F0B4B00751A68 /* Core.storyboard */; };
		2D31F70572AF1B158842435C /* Pods_locoUITests.framework in Frameworks */ = {isa = PBXBuildFile; fileRef = 6E8ED390AA0D9DDC050C246E /* Pods_locoUITests.framework */; };
		F577AB8314031A541F5BF158 /* Pods_locoTests.framework in Frameworks */ = {isa = PBXBuildFile; fileRef = 254079378B102A1CE73A028C /* Pods_locoTests.framework */; };
/* End PBXBuildFile section */

/* Begin PBXContainerItemProxy section */
		1C1E4D051D2095BE00A714C9 /* PBXContainerItemProxy */ = {
			isa = PBXContainerItemProxy;
			containerPortal = 1C1E4CE81D2095BE00A714C9 /* Project object */;
			proxyType = 1;
			remoteGlobalIDString = 1C1E4CEF1D2095BE00A714C9;
			remoteInfo = loco;
		};
		1C1E4D101D2095BE00A714C9 /* PBXContainerItemProxy */ = {
			isa = PBXContainerItemProxy;
			containerPortal = 1C1E4CE81D2095BE00A714C9 /* Project object */;
			proxyType = 1;
			remoteGlobalIDString = 1C1E4CEF1D2095BE00A714C9;
			remoteInfo = loco;
		};
/* End PBXContainerItemProxy section */

/* Begin PBXFileReference section */
		00E3E350471806609FC2998F /* Pods-loco.debug.xcconfig */ = {isa = PBXFileReference; includeInIndex = 1; lastKnownFileType = text.xcconfig; name = "Pods-loco.debug.xcconfig"; path = "Pods/Target Support Files/Pods-loco/Pods-loco.debug.xcconfig"; sourceTree = "<group>"; };
		1B3A172B0556A3676AB3AC78 /* Pods-locoUITests.release.xcconfig */ = {isa = PBXFileReference; includeInIndex = 1; lastKnownFileType = text.xcconfig; name = "Pods-locoUITests.release.xcconfig"; path = "Pods/Target Support Files/Pods-locoUITests/Pods-locoUITests.release.xcconfig"; sourceTree = "<group>"; };
		1C1E4CF01D2095BE00A714C9 /* loco.app */ = {isa = PBXFileReference; explicitFileType = wrapper.application; includeInIndex = 0; path = loco.app; sourceTree = BUILT_PRODUCTS_DIR; };
		1C1E4CF31D2095BE00A714C9 /* AppDelegate.swift */ = {isa = PBXFileReference; lastKnownFileType = sourcecode.swift; path = AppDelegate.swift; sourceTree = "<group>"; };
		1C1E4CF51D2095BE00A714C9 /* ViewController.swift */ = {isa = PBXFileReference; lastKnownFileType = sourcecode.swift; path = ViewController.swift; sourceTree = "<group>"; };
		1C1E4CF81D2095BE00A714C9 /* Base */ = {isa = PBXFileReference; lastKnownFileType = file.storyboard; name = Base; path = Base.lproj/Main.storyboard; sourceTree = "<group>"; };
		1C1E4CFA1D2095BE00A714C9 /* Assets.xcassets */ = {isa = PBXFileReference; lastKnownFileType = folder.assetcatalog; path = Assets.xcassets; sourceTree = "<group>"; };
		1C1E4CFD1D2095BE00A714C9 /* Base */ = {isa = PBXFileReference; lastKnownFileType = file.storyboard; name = Base; path = Base.lproj/LaunchScreen.storyboard; sourceTree = "<group>"; };
		1C1E4CFF1D2095BE00A714C9 /* Info.plist */ = {isa = PBXFileReference; lastKnownFileType = text.plist.xml; path = Info.plist; sourceTree = "<group>"; };
		1C1E4D041D2095BE00A714C9 /* locoTests.xctest */ = {isa = PBXFileReference; explicitFileType = wrapper.cfbundle; includeInIndex = 0; path = locoTests.xctest; sourceTree = BUILT_PRODUCTS_DIR; };
		1C1E4D081D2095BE00A714C9 /* locoTests.swift */ = {isa = PBXFileReference; lastKnownFileType = sourcecode.swift; path = locoTests.swift; sourceTree = "<group>"; };
		1C1E4D0A1D2095BE00A714C9 /* Info.plist */ = {isa = PBXFileReference; lastKnownFileType = text.plist.xml; path = Info.plist; sourceTree = "<group>"; };
		1C1E4D0F1D2095BE00A714C9 /* locoUITests.xctest */ = {isa = PBXFileReference; explicitFileType = wrapper.cfbundle; includeInIndex = 0; path = locoUITests.xctest; sourceTree = BUILT_PRODUCTS_DIR; };
		1C1E4D131D2095BE00A714C9 /* locoUITests.swift */ = {isa = PBXFileReference; lastKnownFileType = sourcecode.swift; path = locoUITests.swift; sourceTree = "<group>"; };
		1C1E4D151D2095BE00A714C9 /* Info.plist */ = {isa = PBXFileReference; lastKnownFileType = text.plist.xml; path = Info.plist; sourceTree = "<group>"; };
		1C23A6311D303AD2007F563D /* TutorialPageContentController.swift */ = {isa = PBXFileReference; fileEncoding = 4; lastKnownFileType = sourcecode.swift; path = TutorialPageContentController.swift; sourceTree = "<group>"; };
		1C369CD21D46F237003F8A20 /* Login.storyboard */ = {isa = PBXFileReference; fileEncoding = 4; lastKnownFileType = file.storyboard; path = Login.storyboard; sourceTree = "<group>"; };
		1C369CD41D4709C4003F8A20 /* LoginViewController.swift */ = {isa = PBXFileReference; fileEncoding = 4; lastKnownFileType = sourcecode.swift; path = LoginViewController.swift; sourceTree = "<group>"; };
		1C369CD61D47E1FE003F8A20 /* LoginDetailsViewController.swift */ = {isa = PBXFileReference; fileEncoding = 4; lastKnownFileType = sourcecode.swift; path = LoginDetailsViewController.swift; sourceTree = "<group>"; };
		1C369CD81D483C4F003F8A20 /* ReceiptPageViewController.swift */ = {isa = PBXFileReference; fileEncoding = 4; lastKnownFileType = sourcecode.swift; path = ReceiptPageViewController.swift; sourceTree = "<group>"; };
		1C40F0B41D516AFA00010BF4 /* LabelTextFieldTableViewCell.swift */ = {isa = PBXFileReference; fileEncoding = 4; lastKnownFileType = sourcecode.swift; path = LabelTextFieldTableViewCell.swift; sourceTree = "<group>"; };
		1C40F0B61D516FBB00010BF4 /* LabelSwitchTableViewCell.swift */ = {isa = PBXFileReference; fileEncoding = 4; lastKnownFileType = sourcecode.swift; path = LabelSwitchTableViewCell.swift; sourceTree = "<group>"; };
		1C4473431D414393007605BF /* ConfirmScheduleViewController.swift */ = {isa = PBXFileReference; fileEncoding = 4; lastKnownFileType = sourcecode.swift; path = ConfirmScheduleViewController.swift; sourceTree = "<group>"; };
		1C4473451D4176D2007605BF /* Reservation.swift */ = {isa = PBXFileReference; fileEncoding = 4; lastKnownFileType = sourcecode.swift; path = Reservation.swift; sourceTree = "<group>"; };
		1C4473471D41903D007605BF /* Extensions.swift */ = {isa = PBXFileReference; fileEncoding = 4; lastKnownFileType = sourcecode.swift; path = Extensions.swift; sourceTree = "<group>"; };
		1C44734B1D4410CB007605BF /* ObtainUserCurrentLocationViewController.swift */ = {isa = PBXFileReference; fileEncoding = 4; lastKnownFileType = sourcecode.swift; path = ObtainUserCurrentLocationViewController.swift; sourceTree = "<group>"; };
		1C4F0E341D56C08E00BDADDB /* ReviewViewController.swift */ = {isa = PBXFileReference; fileEncoding = 4; lastKnownFileType = sourcecode.swift; path = ReviewViewController.swift; sourceTree = "<group>"; };
		1C57C48C1D51614700CC4BFE /* Profile.storyboard */ = {isa = PBXFileReference; fileEncoding = 4; lastKnownFileType = file.storyboard; path = Profile.storyboard; sourceTree = "<group>"; };
		1C57C4921D5164EC00CC4BFE /* UserInfoViewController.swift */ = {isa = PBXFileReference; fileEncoding = 4; lastKnownFileType = sourcecode.swift; path = UserInfoViewController.swift; sourceTree = "<group>"; };
		1C743C291D28960C00CA622A /* loco-Bridging-Header.h */ = {isa = PBXFileReference; lastKnownFileType = sourcecode.c.h; path = "loco-Bridging-Header.h"; sourceTree = "<group>"; };
		1C778ACE1D64E7D600FE324A /* EmbeddedUberViewController.swift */ = {isa = PBXFileReference; fileEncoding = 4; lastKnownFileType = sourcecode.swift; path = EmbeddedUberViewController.swift; sourceTree = "<group>"; };
		1C7A04A21D37102D001B6924 /* BudgetPreferencesViewController.swift */ = {isa = PBXFileReference; fileEncoding = 4; lastKnownFileType = sourcecode.swift; path = BudgetPreferencesViewController.swift; sourceTree = "<group>"; };
		1C7A04A61D39926A001B6924 /* ManualLocationViewController.swift */ = {isa = PBXFileReference; fileEncoding = 4; lastKnownFileType = sourcecode.swift; path = ManualLocationViewController.swift; sourceTree = "<group>"; };
		1C8788451D28F66A00CA0914 /* FBSDKCoreKit.framework */ = {isa = PBXFileReference; lastKnownFileType = wrapper.framework; name = FBSDKCoreKit.framework; path = "Pods/../build/Debug-iphoneos/FBSDKCoreKit/FBSDKCoreKit.framework"; sourceTree = "<group>"; };
		1C8788471D28F67200CA0914 /* FBSDKLoginKit.framework */ = {isa = PBXFileReference; lastKnownFileType = wrapper.framework; name = FBSDKLoginKit.framework; path = "Pods/../build/Debug-iphoneos/FBSDKLoginKit/FBSDKLoginKit.framework"; sourceTree = "<group>"; };
		1CA39A7D1D2F163B000DAA01 /* TutorialPageViewController.swift */ = {isa = PBXFileReference; fileEncoding = 4; lastKnownFileType = sourcecode.swift; path = TutorialPageViewController.swift; sourceTree = "<group>"; };
		1CABC8E91D35C6BF00B8D30A /* CuisinePreferencesViewController.swift */ = {isa = PBXFileReference; fileEncoding = 4; lastKnownFileType = sourcecode.swift; path = CuisinePreferencesViewController.swift; sourceTree = "<group>"; };
		1CAEFCF11D67B2740014BA6F /* ReservationPopoverViewController.swift */ = {isa = PBXFileReference; fileEncoding = 4; lastKnownFileType = sourcecode.swift; path = ReservationPopoverViewController.swift; sourceTree = "<group>"; };
		1CAEFCF31D69127B0014BA6F /* ReviewCompleteViewController.swift */ = {isa = PBXFileReference; fileEncoding = 4; lastKnownFileType = sourcecode.swift; path = ReviewCompleteViewController.swift; sourceTree = "<group>"; };
		1CAEFCF51D691D050014BA6F /* CancelConfirmationViewController.swift */ = {isa = PBXFileReference; fileEncoding = 4; lastKnownFileType = sourcecode.swift; path = CancelConfirmationViewController.swift; sourceTree = "<group>"; };
		1CAEFCF71D693D420014BA6F /* HistoryViewController.swift */ = {isa = PBXFileReference; fileEncoding = 4; lastKnownFileType = sourcecode.swift; path = HistoryViewController.swift; sourceTree = "<group>"; };
		1CAEFCF91D6982120014BA6F /* HistoryTableViewCell.swift */ = {isa = PBXFileReference; fileEncoding = 4; lastKnownFileType = sourcecode.swift; path = HistoryTableViewCell.swift; sourceTree = "<group>"; };
		1CAEFCFB1D6A59E50014BA6F /* Review.swift */ = {isa = PBXFileReference; fileEncoding = 4; lastKnownFileType = sourcecode.swift; path = Review.swift; sourceTree = "<group>"; };
		1CAEFCFF1D6ADA080014BA6F /* NoResultsViewController.swift */ = {isa = PBXFileReference; fileEncoding = 4; lastKnownFileType = sourcecode.swift; path = NoResultsViewController.swift; sourceTree = "<group>"; };
		1CAEFD011D6BE8420014BA6F /* CoreTabBarController.swift */ = {isa = PBXFileReference; fileEncoding = 4; lastKnownFileType = sourcecode.swift; path = CoreTabBarController.swift; sourceTree = "<group>"; };
		1CAEFD041D6E74870014BA6F /* Lato-Black.ttf */ = {isa = PBXFileReference; lastKnownFileType = file; name = "Lato-Black.ttf"; path = "../../../Dropbox/Date Knight/visual_design/fonts/Lato/Lato-Black.ttf"; sourceTree = "<group>"; };
		1CAEFD051D6E74870014BA6F /* Lato-BlackItalic.ttf */ = {isa = PBXFileReference; lastKnownFileType = file; name = "Lato-BlackItalic.ttf"; path = "../../../Dropbox/Date Knight/visual_design/fonts/Lato/Lato-BlackItalic.ttf"; sourceTree = "<group>"; };
		1CAEFD061D6E74870014BA6F /* Lato-Bold.ttf */ = {isa = PBXFileReference; lastKnownFileType = file; name = "Lato-Bold.ttf"; path = "../../../Dropbox/Date Knight/visual_design/fonts/Lato/Lato-Bold.ttf"; sourceTree = "<group>"; };
		1CAEFD071D6E74870014BA6F /* Lato-BoldItalic.ttf */ = {isa = PBXFileReference; lastKnownFileType = file; name = "Lato-BoldItalic.ttf"; path = "../../../Dropbox/Date Knight/visual_design/fonts/Lato/Lato-BoldItalic.ttf"; sourceTree = "<group>"; };
		1CAEFD081D6E74870014BA6F /* Lato-Hairline.ttf */ = {isa = PBXFileReference; lastKnownFileType = file; name = "Lato-Hairline.ttf"; path = "../../../Dropbox/Date Knight/visual_design/fonts/Lato/Lato-Hairline.ttf"; sourceTree = "<group>"; };
		1CAEFD091D6E74870014BA6F /* Lato-HairlineItalic.ttf */ = {isa = PBXFileReference; lastKnownFileType = file; name = "Lato-HairlineItalic.ttf"; path = "../../../Dropbox/Date Knight/visual_design/fonts/Lato/Lato-HairlineItalic.ttf"; sourceTree = "<group>"; };
		1CAEFD0A1D6E74870014BA6F /* Lato-Italic.ttf */ = {isa = PBXFileReference; lastKnownFileType = file; name = "Lato-Italic.ttf"; path = "../../../Dropbox/Date Knight/visual_design/fonts/Lato/Lato-Italic.ttf"; sourceTree = "<group>"; };
		1CAEFD0B1D6E74870014BA6F /* Lato-Light.ttf */ = {isa = PBXFileReference; lastKnownFileType = file; name = "Lato-Light.ttf"; path = "../../../Dropbox/Date Knight/visual_design/fonts/Lato/Lato-Light.ttf"; sourceTree = "<group>"; };
		1CAEFD0C1D6E74870014BA6F /* Lato-LightItalic.ttf */ = {isa = PBXFileReference; lastKnownFileType = file; name = "Lato-LightItalic.ttf"; path = "../../../Dropbox/Date Knight/visual_design/fonts/Lato/Lato-LightItalic.ttf"; sourceTree = "<group>"; };
		1CAEFD0D1D6E74870014BA6F /* Lato-Regular.ttf */ = {isa = PBXFileReference; lastKnownFileType = file; name = "Lato-Regular.ttf"; path = "../../../Dropbox/Date Knight/visual_design/fonts/Lato/Lato-Regular.ttf"; sourceTree = "<group>"; };
		1CAEFD111D6E75210014BA6F /* Montserrat-Bold.ttf */ = {isa = PBXFileReference; lastKnownFileType = file; name = "Montserrat-Bold.ttf"; path = "../../../Dropbox/Date Knight/visual_design/fonts/Montserrat/Montserrat-Bold.ttf"; sourceTree = "<group>"; };
		1CAEFD121D6E75210014BA6F /* Montserrat-Regular.ttf */ = {isa = PBXFileReference; lastKnownFileType = file; name = "Montserrat-Regular.ttf"; path = "../../../Dropbox/Date Knight/visual_design/fonts/Montserrat/Montserrat-Regular.ttf"; sourceTree = "<group>"; };
		1CAEFD151D6E75850014BA6F /* Muli-Italic.ttf */ = {isa = PBXFileReference; lastKnownFileType = file; name = "Muli-Italic.ttf"; path = "../../../Dropbox/Date Knight/visual_design/fonts/Muli/Muli-Italic.ttf"; sourceTree = "<group>"; };
		1CAEFD161D6E75850014BA6F /* Muli-Light.ttf */ = {isa = PBXFileReference; lastKnownFileType = file; name = "Muli-Light.ttf"; path = "../../../Dropbox/Date Knight/visual_design/fonts/Muli/Muli-Light.ttf"; sourceTree = "<group>"; };
		1CAEFD171D6E75850014BA6F /* Muli-LightItalic.ttf */ = {isa = PBXFileReference; lastKnownFileType = file; name = "Muli-LightItalic.ttf"; path = "../../../Dropbox/Date Knight/visual_design/fonts/Muli/Muli-LightItalic.ttf"; sourceTree = "<group>"; };
		1CAEFD181D6E75850014BA6F /* Muli-Regular.ttf */ = {isa = PBXFileReference; lastKnownFileType = file; name = "Muli-Regular.ttf"; path = "../../../Dropbox/Date Knight/visual_design/fonts/Muli/Muli-Regular.ttf"; sourceTree = "<group>"; };
		1CAEFD191D6E75AF0014BA6F /* OFL.txt */ = {isa = PBXFileReference; fileEncoding = 4; lastKnownFileType = text; name = OFL.txt; path = "../../../Dropbox/Date Knight/visual_design/fonts/Muli/OFL.txt"; sourceTree = "<group>"; };
		1CAEFD1B1D6E75BA0014BA6F /* OFL.txt */ = {isa = PBXFileReference; fileEncoding = 4; lastKnownFileType = text; name = OFL.txt; path = "../../../Dropbox/Date Knight/visual_design/fonts/Montserrat/OFL.txt"; sourceTree = "<group>"; };
		1CAEFD1D1D6E75C50014BA6F /* OFL.txt */ = {isa = PBXFileReference; fileEncoding = 4; lastKnownFileType = text; name = OFL.txt; path = "../../../Dropbox/Date Knight/visual_design/fonts/Lato/OFL.txt"; sourceTree = "<group>"; };
		1CAEFD1F1D6E76260014BA6F /* OFL.txt */ = {isa = PBXFileReference; fileEncoding = 4; lastKnownFileType = text; name = OFL.txt; path = "../../../Dropbox/Date Knight/visual_design/fonts/Source_Sans_Pro/OFL.txt"; sourceTree = "<group>"; };
		1CAEFD201D6E76260014BA6F /* SourceSansPro-Black.ttf */ = {isa = PBXFileReference; lastKnownFileType = file; name = "SourceSansPro-Black.ttf"; path = "../../../Dropbox/Date Knight/visual_design/fonts/Source_Sans_Pro/SourceSansPro-Black.ttf"; sourceTree = "<group>"; };
		1CAEFD211D6E76260014BA6F /* SourceSansPro-BlackItalic.ttf */ = {isa = PBXFileReference; lastKnownFileType = file; name = "SourceSansPro-BlackItalic.ttf"; path = "../../../Dropbox/Date Knight/visual_design/fonts/Source_Sans_Pro/SourceSansPro-BlackItalic.ttf"; sourceTree = "<group>"; };
		1CAEFD221D6E76260014BA6F /* SourceSansPro-Bold.ttf */ = {isa = PBXFileReference; lastKnownFileType = file; name = "SourceSansPro-Bold.ttf"; path = "../../../Dropbox/Date Knight/visual_design/fonts/Source_Sans_Pro/SourceSansPro-Bold.ttf"; sourceTree = "<group>"; };
		1CAEFD231D6E76260014BA6F /* SourceSansPro-BoldItalic.ttf */ = {isa = PBXFileReference; lastKnownFileType = file; name = "SourceSansPro-BoldItalic.ttf"; path = "../../../Dropbox/Date Knight/visual_design/fonts/Source_Sans_Pro/SourceSansPro-BoldItalic.ttf"; sourceTree = "<group>"; };
		1CAEFD241D6E76260014BA6F /* SourceSansPro-ExtraLight.ttf */ = {isa = PBXFileReference; lastKnownFileType = file; name = "SourceSansPro-ExtraLight.ttf"; path = "../../../Dropbox/Date Knight/visual_design/fonts/Source_Sans_Pro/SourceSansPro-ExtraLight.ttf"; sourceTree = "<group>"; };
		1CAEFD251D6E76260014BA6F /* SourceSansPro-ExtraLightItalic.ttf */ = {isa = PBXFileReference; lastKnownFileType = file; name = "SourceSansPro-ExtraLightItalic.ttf"; path = "../../../Dropbox/Date Knight/visual_design/fonts/Source_Sans_Pro/SourceSansPro-ExtraLightItalic.ttf"; sourceTree = "<group>"; };
		1CAEFD261D6E76260014BA6F /* SourceSansPro-Italic.ttf */ = {isa = PBXFileReference; lastKnownFileType = file; name = "SourceSansPro-Italic.ttf"; path = "../../../Dropbox/Date Knight/visual_design/fonts/Source_Sans_Pro/SourceSansPro-Italic.ttf"; sourceTree = "<group>"; };
		1CAEFD271D6E76260014BA6F /* SourceSansPro-Light.ttf */ = {isa = PBXFileReference; lastKnownFileType = file; name = "SourceSansPro-Light.ttf"; path = "../../../Dropbox/Date Knight/visual_design/fonts/Source_Sans_Pro/SourceSansPro-Light.ttf"; sourceTree = "<group>"; };
		1CAEFD281D6E76260014BA6F /* SourceSansPro-LightItalic.ttf */ = {isa = PBXFileReference; lastKnownFileType = file; name = "SourceSansPro-LightItalic.ttf"; path = "../../../Dropbox/Date Knight/visual_design/fonts/Source_Sans_Pro/SourceSansPro-LightItalic.ttf"; sourceTree = "<group>"; };
		1CAEFD291D6E76260014BA6F /* SourceSansPro-Regular.ttf */ = {isa = PBXFileReference; lastKnownFileType = file; name = "SourceSansPro-Regular.ttf"; path = "../../../Dropbox/Date Knight/visual_design/fonts/Source_Sans_Pro/SourceSansPro-Regular.ttf"; sourceTree = "<group>"; };
		1CAEFD2A1D6E76260014BA6F /* SourceSansPro-Semibold.ttf */ = {isa = PBXFileReference; lastKnownFileType = file; name = "SourceSansPro-Semibold.ttf"; path = "../../../Dropbox/Date Knight/visual_design/fonts/Source_Sans_Pro/SourceSansPro-Semibold.ttf"; sourceTree = "<group>"; };
		1CAEFD2B1D6E76260014BA6F /* SourceSansPro-SemiboldItalic.ttf */ = {isa = PBXFileReference; lastKnownFileType = file; name = "SourceSansPro-SemiboldItalic.ttf"; path = "../../../Dropbox/Date Knight/visual_design/fonts/Source_Sans_Pro/SourceSansPro-SemiboldItalic.ttf"; sourceTree = "<group>"; };
		1CD25A131D3AB93100751A68 /* ProfileViewController.swift */ = {isa = PBXFileReference; fileEncoding = 4; lastKnownFileType = sourcecode.swift; path = ProfileViewController.swift; sourceTree = "<group>"; };
		1CD25A1B1D3ABBD500751A68 /* RecommendationsPageViewController.swift */ = {isa = PBXFileReference; fileEncoding = 4; lastKnownFileType = sourcecode.swift; path = RecommendationsPageViewController.swift; sourceTree = "<group>"; };
		1CD25A1D1D3ABC5600751A68 /* RecommendationsContentViewController.swift */ = {isa = PBXFileReference; fileEncoding = 4; lastKnownFileType = sourcecode.swift; path = RecommendationsContentViewController.swift; sourceTree = "<group>"; };
		1CD25A1F1D3B050700751A68 /* WelcomeViewController.swift */ = {isa = PBXFileReference; fileEncoding = 4; lastKnownFileType = sourcecode.swift; path = WelcomeViewController.swift; sourceTree = "<group>"; };
		1CD25A5B1D3D7EE700751A68 /* Restaurant.swift */ = {isa = PBXFileReference; fileEncoding = 4; lastKnownFileType = sourcecode.swift; path = Restaurant.swift; sourceTree = "<group>"; };
		1CD25A5D1D3D80CE00751A68 /* RestaurantCuisines.swift */ = {isa = PBXFileReference; fileEncoding = 4; lastKnownFileType = sourcecode.swift; path = RestaurantCuisines.swift; sourceTree = "<group>"; };
		1CD25A5F1D3D826800751A68 /* RestaurantBudgetRatings.swift */ = {isa = PBXFileReference; fileEncoding = 4; lastKnownFileType = sourcecode.swift; path = RestaurantBudgetRatings.swift; sourceTree = "<group>"; };
		1CD25A611D3F0B4B00751A68 /* Core.storyboard */ = {isa = PBXFileReference; fileEncoding = 4; lastKnownFileType = file.storyboard; path = Core.storyboard; sourceTree = "<group>"; };
		254079378B102A1CE73A028C /* Pods_locoTests.framework */ = {isa = PBXFileReference; explicitFileType = wrapper.framework; includeInIndex = 0; path = Pods_locoTests.framework; sourceTree = BUILT_PRODUCTS_DIR; };
		66012A5D1A9752C5278998F4 /* Pods-locoUITests.debug.xcconfig */ = {isa = PBXFileReference; includeInIndex = 1; lastKnownFileType = text.xcconfig; name = "Pods-locoUITests.debug.xcconfig"; path = "Pods/Target Support Files/Pods-locoUITests/Pods-locoUITests.debug.xcconfig"; sourceTree = "<group>"; };
		6E8ED390AA0D9DDC050C246E /* Pods_locoUITests.framework */ = {isa = PBXFileReference; explicitFileType = wrapper.framework; includeInIndex = 0; path = Pods_locoUITests.framework; sourceTree = BUILT_PRODUCTS_DIR; };
		9E2AF02C76DF524367611042 /* Pods-loco.release.xcconfig */ = {isa = PBXFileReference; includeInIndex = 1; lastKnownFileType = text.xcconfig; name = "Pods-loco.release.xcconfig"; path = "Pods/Target Support Files/Pods-loco/Pods-loco.release.xcconfig"; sourceTree = "<group>"; };
		A3B16717866347397B1DF15B /* Pods_loco.framework */ = {isa = PBXFileReference; explicitFileType = wrapper.framework; includeInIndex = 0; path = Pods_loco.framework; sourceTree = BUILT_PRODUCTS_DIR; };
		C3D3546AD097462DDCD64AB8 /* Pods-locoTests.release.xcconfig */ = {isa = PBXFileReference; includeInIndex = 1; lastKnownFileType = text.xcconfig; name = "Pods-locoTests.release.xcconfig"; path = "Pods/Target Support Files/Pods-locoTests/Pods-locoTests.release.xcconfig"; sourceTree = "<group>"; };
		DE28E5A5F49302167CF40548 /* Pods-locoTests.debug.xcconfig */ = {isa = PBXFileReference; includeInIndex = 1; lastKnownFileType = text.xcconfig; name = "Pods-locoTests.debug.xcconfig"; path = "Pods/Target Support Files/Pods-locoTests/Pods-locoTests.debug.xcconfig"; sourceTree = "<group>"; };
/* End PBXFileReference section */

/* Begin PBXFrameworksBuildPhase section */
		1C1E4CED1D2095BE00A714C9 /* Frameworks */ = {
			isa = PBXFrameworksBuildPhase;
			buildActionMask = 2147483647;
			files = (
				0167C87D31B89164A959C1AF /* Pods_loco.framework in Frameworks */,
			);
			runOnlyForDeploymentPostprocessing = 0;
		};
		1C1E4D011D2095BE00A714C9 /* Frameworks */ = {
			isa = PBXFrameworksBuildPhase;
			buildActionMask = 2147483647;
			files = (
				F577AB8314031A541F5BF158 /* Pods_locoTests.framework in Frameworks */,
			);
			runOnlyForDeploymentPostprocessing = 0;
		};
		1C1E4D0C1D2095BE00A714C9 /* Frameworks */ = {
			isa = PBXFrameworksBuildPhase;
			buildActionMask = 2147483647;
			files = (
				2D31F70572AF1B158842435C /* Pods_locoUITests.framework in Frameworks */,
			);
			runOnlyForDeploymentPostprocessing = 0;
		};
/* End PBXFrameworksBuildPhase section */

/* Begin PBXGroup section */
		1C1E4CE71D2095BE00A714C9 = {
			isa = PBXGroup;
			children = (
				1C1E4CF21D2095BE00A714C9 /* loco */,
				1C1E4D071D2095BE00A714C9 /* locoTests */,
				1C1E4D121D2095BE00A714C9 /* locoUITests */,
				1C1E4CF11D2095BE00A714C9 /* Products */,
				9977609640622D566C2A4F31 /* Pods */,
				C09F7CEB81B876E2E2F1423F /* Frameworks */,
			);
			sourceTree = "<group>";
		};
		1C1E4CF11D2095BE00A714C9 /* Products */ = {
			isa = PBXGroup;
			children = (
				1C1E4CF01D2095BE00A714C9 /* loco.app */,
				1C1E4D041D2095BE00A714C9 /* locoTests.xctest */,
				1C1E4D0F1D2095BE00A714C9 /* locoUITests.xctest */,
			);
			name = Products;
			sourceTree = "<group>";
		};
		1C1E4CF21D2095BE00A714C9 /* loco */ = {
			isa = PBXGroup;
			children = (
				1CAEFD031D6E6FB00014BA6F /* Fonts */,
				1CD25A1B1D3ABBD500751A68 /* RecommendationsPageViewController.swift */,
				1CD25A1D1D3ABC5600751A68 /* RecommendationsContentViewController.swift */,
				1C1E4CF31D2095BE00A714C9 /* AppDelegate.swift */,
				1C1E4CF51D2095BE00A714C9 /* ViewController.swift */,
				1C1E4CF71D2095BE00A714C9 /* Main.storyboard */,
				1CD25A611D3F0B4B00751A68 /* Core.storyboard */,
				1CAEFD011D6BE8420014BA6F /* CoreTabBarController.swift */,
				1CAEFCF31D69127B0014BA6F /* ReviewCompleteViewController.swift */,
				1CAEFCFF1D6ADA080014BA6F /* NoResultsViewController.swift */,
				1CAEFCF11D67B2740014BA6F /* ReservationPopoverViewController.swift */,
				1C778ACE1D64E7D600FE324A /* EmbeddedUberViewController.swift */,
				1C4F0E341D56C08E00BDADDB /* ReviewViewController.swift */,
				1C57C48C1D51614700CC4BFE /* Profile.storyboard */,
				1CAEFCFB1D6A59E50014BA6F /* Review.swift */,
				1CAEFCF71D693D420014BA6F /* HistoryViewController.swift */,
				1C40F0B61D516FBB00010BF4 /* LabelSwitchTableViewCell.swift */,
				1C369CD21D46F237003F8A20 /* Login.storyboard */,
				1C40F0B41D516AFA00010BF4 /* LabelTextFieldTableViewCell.swift */,
				1CAEFCF91D6982120014BA6F /* HistoryTableViewCell.swift */,
				1C57C4921D5164EC00CC4BFE /* UserInfoViewController.swift */,
				1C369CD81D483C4F003F8A20 /* ReceiptPageViewController.swift */,
				1CAEFCF51D691D050014BA6F /* CancelConfirmationViewController.swift */,
				1C369CD61D47E1FE003F8A20 /* LoginDetailsViewController.swift */,
				1C369CD41D4709C4003F8A20 /* LoginViewController.swift */,
				1C4473471D41903D007605BF /* Extensions.swift */,
				1C44734B1D4410CB007605BF /* ObtainUserCurrentLocationViewController.swift */,
				1C4473431D414393007605BF /* ConfirmScheduleViewController.swift */,
				1CD25A5B1D3D7EE700751A68 /* Restaurant.swift */,
				1C4473451D4176D2007605BF /* Reservation.swift */,
				1CD25A5D1D3D80CE00751A68 /* RestaurantCuisines.swift */,
				1CD25A5F1D3D826800751A68 /* RestaurantBudgetRatings.swift */,
				1CD25A1F1D3B050700751A68 /* WelcomeViewController.swift */,
				1CD25A131D3AB93100751A68 /* ProfileViewController.swift */,
				1C7A04A61D39926A001B6924 /* ManualLocationViewController.swift */,
				1C7A04A21D37102D001B6924 /* BudgetPreferencesViewController.swift */,
				1CABC8E91D35C6BF00B8D30A /* CuisinePreferencesViewController.swift */,
				1C23A6311D303AD2007F563D /* TutorialPageContentController.swift */,
				1CA39A7D1D2F163B000DAA01 /* TutorialPageViewController.swift */,
				1C1E4CFA1D2095BE00A714C9 /* Assets.xcassets */,
				1C1E4CFC1D2095BE00A714C9 /* LaunchScreen.storyboard */,
				1C743C2A1D28961100CA622A /* Supporting Files */,
			);
			path = loco;
			sourceTree = "<group>";
		};
		1C1E4D071D2095BE00A714C9 /* locoTests */ = {
			isa = PBXGroup;
			children = (
				1C1E4D081D2095BE00A714C9 /* locoTests.swift */,
				1C1E4D0A1D2095BE00A714C9 /* Info.plist */,
			);
			path = locoTests;
			sourceTree = "<group>";
		};
		1C1E4D121D2095BE00A714C9 /* locoUITests */ = {
			isa = PBXGroup;
			children = (
				1C1E4D131D2095BE00A714C9 /* locoUITests.swift */,
				1C1E4D151D2095BE00A714C9 /* Info.plist */,
			);
			path = locoUITests;
			sourceTree = "<group>";
		};
		1C743C2A1D28961100CA622A /* Supporting Files */ = {
			isa = PBXGroup;
			children = (
				1C1E4CFF1D2095BE00A714C9 /* Info.plist */,
				1C743C291D28960C00CA622A /* loco-Bridging-Header.h */,
			);
			name = "Supporting Files";
			sourceTree = "<group>";
		};
		1CAEFD031D6E6FB00014BA6F /* Fonts */ = {
			isa = PBXGroup;
			children = (
				1CAEFD141D6E756E0014BA6F /* Source_Sans_Pro */,
				1CAEFD131D6E752B0014BA6F /* Muli */,
				1CAEFD101D6E75010014BA6F /* Montserrat */,
				1CAEFD0F1D6E74DC0014BA6F /* Lato */,
			);
			name = Fonts;
			sourceTree = "<group>";
		};
		1CAEFD0F1D6E74DC0014BA6F /* Lato */ = {
			isa = PBXGroup;
			children = (
				1CAEFD041D6E74870014BA6F /* Lato-Black.ttf */,
				1CAEFD051D6E74870014BA6F /* Lato-BlackItalic.ttf */,
				1CAEFD061D6E74870014BA6F /* Lato-Bold.ttf */,
				1CAEFD071D6E74870014BA6F /* Lato-BoldItalic.ttf */,
				1CAEFD081D6E74870014BA6F /* Lato-Hairline.ttf */,
				1CAEFD091D6E74870014BA6F /* Lato-HairlineItalic.ttf */,
				1CAEFD0A1D6E74870014BA6F /* Lato-Italic.ttf */,
				1CAEFD0B1D6E74870014BA6F /* Lato-Light.ttf */,
				1CAEFD0C1D6E74870014BA6F /* Lato-LightItalic.ttf */,
				1CAEFD0D1D6E74870014BA6F /* Lato-Regular.ttf */,
				1CAEFD1D1D6E75C50014BA6F /* OFL.txt */,
			);
			name = Lato;
			sourceTree = "<group>";
		};
		1CAEFD101D6E75010014BA6F /* Montserrat */ = {
			isa = PBXGroup;
			children = (
				1CAEFD1B1D6E75BA0014BA6F /* OFL.txt */,
				1CAEFD111D6E75210014BA6F /* Montserrat-Bold.ttf */,
				1CAEFD121D6E75210014BA6F /* Montserrat-Regular.ttf */,
			);
			name = Montserrat;
			sourceTree = "<group>";
		};
		1CAEFD131D6E752B0014BA6F /* Muli */ = {
			isa = PBXGroup;
			children = (
				1CAEFD151D6E75850014BA6F /* Muli-Italic.ttf */,
				1CAEFD161D6E75850014BA6F /* Muli-Light.ttf */,
				1CAEFD171D6E75850014BA6F /* Muli-LightItalic.ttf */,
				1CAEFD181D6E75850014BA6F /* Muli-Regular.ttf */,
				1CAEFD191D6E75AF0014BA6F /* OFL.txt */,
			);
			name = Muli;
			sourceTree = "<group>";
		};
		1CAEFD141D6E756E0014BA6F /* Source_Sans_Pro */ = {
			isa = PBXGroup;
			children = (
				1CAEFD1F1D6E76260014BA6F /* OFL.txt */,
				1CAEFD201D6E76260014BA6F /* SourceSansPro-Black.ttf */,
				1CAEFD211D6E76260014BA6F /* SourceSansPro-BlackItalic.ttf */,
				1CAEFD221D6E76260014BA6F /* SourceSansPro-Bold.ttf */,
				1CAEFD231D6E76260014BA6F /* SourceSansPro-BoldItalic.ttf */,
				1CAEFD241D6E76260014BA6F /* SourceSansPro-ExtraLight.ttf */,
				1CAEFD251D6E76260014BA6F /* SourceSansPro-ExtraLightItalic.ttf */,
				1CAEFD261D6E76260014BA6F /* SourceSansPro-Italic.ttf */,
				1CAEFD271D6E76260014BA6F /* SourceSansPro-Light.ttf */,
				1CAEFD281D6E76260014BA6F /* SourceSansPro-LightItalic.ttf */,
				1CAEFD291D6E76260014BA6F /* SourceSansPro-Regular.ttf */,
				1CAEFD2A1D6E76260014BA6F /* SourceSansPro-Semibold.ttf */,
				1CAEFD2B1D6E76260014BA6F /* SourceSansPro-SemiboldItalic.ttf */,
			);
			name = Source_Sans_Pro;
			sourceTree = "<group>";
		};
		9977609640622D566C2A4F31 /* Pods */ = {
			isa = PBXGroup;
			children = (
				00E3E350471806609FC2998F /* Pods-loco.debug.xcconfig */,
				9E2AF02C76DF524367611042 /* Pods-loco.release.xcconfig */,
				DE28E5A5F49302167CF40548 /* Pods-locoTests.debug.xcconfig */,
				C3D3546AD097462DDCD64AB8 /* Pods-locoTests.release.xcconfig */,
				66012A5D1A9752C5278998F4 /* Pods-locoUITests.debug.xcconfig */,
				1B3A172B0556A3676AB3AC78 /* Pods-locoUITests.release.xcconfig */,
			);
			name = Pods;
			sourceTree = "<group>";
		};
		C09F7CEB81B876E2E2F1423F /* Frameworks */ = {
			isa = PBXGroup;
			children = (
				1C8788471D28F67200CA0914 /* FBSDKLoginKit.framework */,
				1C8788451D28F66A00CA0914 /* FBSDKCoreKit.framework */,
				A3B16717866347397B1DF15B /* Pods_loco.framework */,
				254079378B102A1CE73A028C /* Pods_locoTests.framework */,
				6E8ED390AA0D9DDC050C246E /* Pods_locoUITests.framework */,
			);
			name = Frameworks;
			sourceTree = "<group>";
		};
/* End PBXGroup section */

/* Begin PBXNativeTarget section */
		1C1E4CEF1D2095BE00A714C9 /* loco */ = {
			isa = PBXNativeTarget;
			buildConfigurationList = 1C1E4D181D2095BE00A714C9 /* Build configuration list for PBXNativeTarget "loco" */;
			buildPhases = (
				D358EA830094C17F8529FE59 /* [CP] Check Pods Manifest.lock */,
				1C1E4CEC1D2095BE00A714C9 /* Sources */,
				1C1E4CED1D2095BE00A714C9 /* Frameworks */,
				1C1E4CEE1D2095BE00A714C9 /* Resources */,
				5C6E7031B6DD352FFC8CA353 /* [CP] Embed Pods Frameworks */,
				FB151AA19CFB1B261489F3AE /* [CP] Copy Pods Resources */,
			);
			buildRules = (
			);
			dependencies = (
			);
			name = loco;
			productName = loco;
			productReference = 1C1E4CF01D2095BE00A714C9 /* loco.app */;
			productType = "com.apple.product-type.application";
		};
		1C1E4D031D2095BE00A714C9 /* locoTests */ = {
			isa = PBXNativeTarget;
			buildConfigurationList = 1C1E4D1B1D2095BE00A714C9 /* Build configuration list for PBXNativeTarget "locoTests" */;
			buildPhases = (
				FC6BCB8A61B4AD9EEF2441B3 /* [CP] Check Pods Manifest.lock */,
				1C1E4D001D2095BE00A714C9 /* Sources */,
				1C1E4D011D2095BE00A714C9 /* Frameworks */,
				1C1E4D021D2095BE00A714C9 /* Resources */,
				1B82E636260F629FD8816400 /* [CP] Embed Pods Frameworks */,
				8BC3259F9FADEB185F594F06 /* [CP] Copy Pods Resources */,
			);
			buildRules = (
			);
			dependencies = (
				1C1E4D061D2095BE00A714C9 /* PBXTargetDependency */,
			);
			name = locoTests;
			productName = locoTests;
			productReference = 1C1E4D041D2095BE00A714C9 /* locoTests.xctest */;
			productType = "com.apple.product-type.bundle.unit-test";
		};
		1C1E4D0E1D2095BE00A714C9 /* locoUITests */ = {
			isa = PBXNativeTarget;
			buildConfigurationList = 1C1E4D1E1D2095BE00A714C9 /* Build configuration list for PBXNativeTarget "locoUITests" */;
			buildPhases = (
				76091104898B18860D5C0FBA /* [CP] Check Pods Manifest.lock */,
				1C1E4D0B1D2095BE00A714C9 /* Sources */,
				1C1E4D0C1D2095BE00A714C9 /* Frameworks */,
				1C1E4D0D1D2095BE00A714C9 /* Resources */,
				0CCF7DA253B8514C88C0EE51 /* [CP] Copy Pods Resources */,
			);
			buildRules = (
			);
			dependencies = (
				1C1E4D111D2095BE00A714C9 /* PBXTargetDependency */,
			);
			name = locoUITests;
			productName = locoUITests;
			productReference = 1C1E4D0F1D2095BE00A714C9 /* locoUITests.xctest */;
			productType = "com.apple.product-type.bundle.ui-testing";
		};
/* End PBXNativeTarget section */

/* Begin PBXProject section */
		1C1E4CE81D2095BE00A714C9 /* Project object */ = {
			isa = PBXProject;
			attributes = {
				LastSwiftUpdateCheck = 0730;
				LastUpgradeCheck = 0730;
				ORGANIZATIONNAME = "Rohan Nagesh";
				TargetAttributes = {
					1C1E4CEF1D2095BE00A714C9 = {
						CreatedOnToolsVersion = 7.3.1;
						DevelopmentTeam = PC3357CB29;
					};
					1C1E4D031D2095BE00A714C9 = {
						CreatedOnToolsVersion = 7.3.1;
						TestTargetID = 1C1E4CEF1D2095BE00A714C9;
					};
					1C1E4D0E1D2095BE00A714C9 = {
						CreatedOnToolsVersion = 7.3.1;
						TestTargetID = 1C1E4CEF1D2095BE00A714C9;
					};
				};
			};
			buildConfigurationList = 1C1E4CEB1D2095BE00A714C9 /* Build configuration list for PBXProject "loco" */;
			compatibilityVersion = "Xcode 3.2";
			developmentRegion = English;
			hasScannedForEncodings = 0;
			knownRegions = (
				en,
				Base,
			);
			mainGroup = 1C1E4CE71D2095BE00A714C9;
			productRefGroup = 1C1E4CF11D2095BE00A714C9 /* Products */;
			projectDirPath = "";
			projectRoot = "";
			targets = (
				1C1E4CEF1D2095BE00A714C9 /* loco */,
				1C1E4D031D2095BE00A714C9 /* locoTests */,
				1C1E4D0E1D2095BE00A714C9 /* locoUITests */,
			);
		};
/* End PBXProject section */

/* Begin PBXResourcesBuildPhase section */
		1C1E4CEE1D2095BE00A714C9 /* Resources */ = {
			isa = PBXResourcesBuildPhase;
			buildActionMask = 2147483647;
			files = (
				1CAEFD311D6E76260014BA6F /* SourceSansPro-ExtraLight.ttf in Resources */,
				1CAEFD331D6E76260014BA6F /* SourceSansPro-Italic.ttf in Resources */,
				1CAEFD441D6E77320014BA6F /* Montserrat-Regular.ttf in Resources */,
				1CAEFD371D6E76260014BA6F /* SourceSansPro-Semibold.ttf in Resources */,
				1CAEFD2E1D6E76260014BA6F /* SourceSansPro-BlackItalic.ttf in Resources */,
				1CAEFD3A1D6E771A0014BA6F /* Lato-Black.ttf in Resources */,
				1CAEFD3C1D6E771A0014BA6F /* Lato-Bold.ttf in Resources */,
				1CAEFD341D6E76260014BA6F /* SourceSansPro-Light.ttf in Resources */,
				1CAEFD2C1D6E76260014BA6F /* OFL.txt in Resources */,
				1CAEFD1A1D6E75AF0014BA6F /* OFL.txt in Resources */,
				1CAEFD321D6E76260014BA6F /* SourceSansPro-ExtraLightItalic.ttf in Resources */,
				1CAEFD401D6E771A0014BA6F /* Lato-Italic.ttf in Resources */,
				1C57C48D1D51614700CC4BFE /* Profile.storyboard in Resources */,
				1CAEFD391D6E766D0014BA6F /* Lato-Regular.ttf in Resources */,
				1CAEFD3D1D6E771A0014BA6F /* Lato-BoldItalic.ttf in Resources */,
				1C1E4CFE1D2095BE00A714C9 /* LaunchScreen.storyboard in Resources */,
				1CAEFD3B1D6E771A0014BA6F /* Lato-BlackItalic.ttf in Resources */,
				1CAEFD471D6E77530014BA6F /* Muli-LightItalic.ttf in Resources */,
				1CAEFD1E1D6E75C50014BA6F /* OFL.txt in Resources */,
				1CAEFD351D6E76260014BA6F /* SourceSansPro-LightItalic.ttf in Resources */,
				1CAEFD2D1D6E76260014BA6F /* SourceSansPro-Black.ttf in Resources */,
				1CAEFD301D6E76260014BA6F /* SourceSansPro-BoldItalic.ttf in Resources */,
				1CAEFD431D6E77320014BA6F /* Montserrat-Bold.ttf in Resources */,
				1CAEFD461D6E77530014BA6F /* Muli-Light.ttf in Resources */,
				1CAEFD451D6E77530014BA6F /* Muli-Italic.ttf in Resources */,
				1CAEFD381D6E76260014BA6F /* SourceSansPro-SemiboldItalic.ttf in Resources */,
				1C1E4CFB1D2095BE00A714C9 /* Assets.xcassets in Resources */,
				1CAEFD2F1D6E76260014BA6F /* SourceSansPro-Bold.ttf in Resources */,
				1CAEFD411D6E771A0014BA6F /* Lato-Light.ttf in Resources */,
				1CAEFD3E1D6E771A0014BA6F /* Lato-Hairline.ttf in Resources */,
				1CAEFD481D6E77530014BA6F /* Muli-Regular.ttf in Resources */,
				1CAEFD3F1D6E771A0014BA6F /* Lato-HairlineItalic.ttf in Resources */,
				1CAEFD361D6E76260014BA6F /* SourceSansPro-Regular.ttf in Resources */,
				1CAEFD421D6E771A0014BA6F /* Lato-LightItalic.ttf in Resources */,
				1C1E4CF91D2095BE00A714C9 /* Main.storyboard in Resources */,
				1C369CD31D46F237003F8A20 /* Login.storyboard in Resources */,
				1CAEFD1C1D6E75BA0014BA6F /* OFL.txt in Resources */,
				1CD25A621D3F0B4C00751A68 /* Core.storyboard in Resources */,
			);
			runOnlyForDeploymentPostprocessing = 0;
		};
		1C1E4D021D2095BE00A714C9 /* Resources */ = {
			isa = PBXResourcesBuildPhase;
			buildActionMask = 2147483647;
			files = (
			);
			runOnlyForDeploymentPostprocessing = 0;
		};
		1C1E4D0D1D2095BE00A714C9 /* Resources */ = {
			isa = PBXResourcesBuildPhase;
			buildActionMask = 2147483647;
			files = (
			);
			runOnlyForDeploymentPostprocessing = 0;
		};
/* End PBXResourcesBuildPhase section */

/* Begin PBXShellScriptBuildPhase section */
		0CCF7DA253B8514C88C0EE51 /* [CP] Copy Pods Resources */ = {
			isa = PBXShellScriptBuildPhase;
			buildActionMask = 2147483647;
			files = (
			);
			inputPaths = (
			);
			name = "[CP] Copy Pods Resources";
			outputPaths = (
			);
			runOnlyForDeploymentPostprocessing = 0;
			shellPath = /bin/sh;
			shellScript = "\"${SRCROOT}/Pods/Target Support Files/Pods-locoUITests/Pods-locoUITests-resources.sh\"\n";
			showEnvVarsInLog = 0;
		};
		1B82E636260F629FD8816400 /* [CP] Embed Pods Frameworks */ = {
			isa = PBXShellScriptBuildPhase;
			buildActionMask = 2147483647;
			files = (
			);
			inputPaths = (
			);
			name = "[CP] Embed Pods Frameworks";
			outputPaths = (
			);
			runOnlyForDeploymentPostprocessing = 0;
			shellPath = /bin/sh;
			shellScript = "\"${SRCROOT}/Pods/Target Support Files/Pods-locoTests/Pods-locoTests-frameworks.sh\"\n";
			showEnvVarsInLog = 0;
		};
		5C6E7031B6DD352FFC8CA353 /* [CP] Embed Pods Frameworks */ = {
			isa = PBXShellScriptBuildPhase;
			buildActionMask = 2147483647;
			files = (
			);
			inputPaths = (
			);
			name = "[CP] Embed Pods Frameworks";
			outputPaths = (
			);
			runOnlyForDeploymentPostprocessing = 0;
			shellPath = /bin/sh;
			shellScript = "\"${SRCROOT}/Pods/Target Support Files/Pods-loco/Pods-loco-frameworks.sh\"\n";
			showEnvVarsInLog = 0;
		};
		76091104898B18860D5C0FBA /* [CP] Check Pods Manifest.lock */ = {
			isa = PBXShellScriptBuildPhase;
			buildActionMask = 2147483647;
			files = (
			);
			inputPaths = (
			);
			name = "[CP] Check Pods Manifest.lock";
			outputPaths = (
			);
			runOnlyForDeploymentPostprocessing = 0;
			shellPath = /bin/sh;
			shellScript = "diff \"${PODS_ROOT}/../Podfile.lock\" \"${PODS_ROOT}/Manifest.lock\" > /dev/null\nif [[ $? != 0 ]] ; then\n    cat << EOM\nerror: The sandbox is not in sync with the Podfile.lock. Run 'pod install' or update your CocoaPods installation.\nEOM\n    exit 1\nfi\n";
			showEnvVarsInLog = 0;
		};
		8BC3259F9FADEB185F594F06 /* [CP] Copy Pods Resources */ = {
			isa = PBXShellScriptBuildPhase;
			buildActionMask = 2147483647;
			files = (
			);
			inputPaths = (
			);
			name = "[CP] Copy Pods Resources";
			outputPaths = (
			);
			runOnlyForDeploymentPostprocessing = 0;
			shellPath = /bin/sh;
			shellScript = "\"${SRCROOT}/Pods/Target Support Files/Pods-locoTests/Pods-locoTests-resources.sh\"\n";
			showEnvVarsInLog = 0;
		};
		D358EA830094C17F8529FE59 /* [CP] Check Pods Manifest.lock */ = {
			isa = PBXShellScriptBuildPhase;
			buildActionMask = 2147483647;
			files = (
			);
			inputPaths = (
			);
			name = "[CP] Check Pods Manifest.lock";
			outputPaths = (
			);
			runOnlyForDeploymentPostprocessing = 0;
			shellPath = /bin/sh;
			shellScript = "diff \"${PODS_ROOT}/../Podfile.lock\" \"${PODS_ROOT}/Manifest.lock\" > /dev/null\nif [[ $? != 0 ]] ; then\n    cat << EOM\nerror: The sandbox is not in sync with the Podfile.lock. Run 'pod install' or update your CocoaPods installation.\nEOM\n    exit 1\nfi\n";
			showEnvVarsInLog = 0;
		};
		FB151AA19CFB1B261489F3AE /* [CP] Copy Pods Resources */ = {
			isa = PBXShellScriptBuildPhase;
			buildActionMask = 2147483647;
			files = (
			);
			inputPaths = (
			);
			name = "[CP] Copy Pods Resources";
			outputPaths = (
			);
			runOnlyForDeploymentPostprocessing = 0;
			shellPath = /bin/sh;
			shellScript = "\"${SRCROOT}/Pods/Target Support Files/Pods-loco/Pods-loco-resources.sh\"\n";
			showEnvVarsInLog = 0;
		};
		FC6BCB8A61B4AD9EEF2441B3 /* [CP] Check Pods Manifest.lock */ = {
			isa = PBXShellScriptBuildPhase;
			buildActionMask = 2147483647;
			files = (
			);
			inputPaths = (
			);
			name = "[CP] Check Pods Manifest.lock";
			outputPaths = (
			);
			runOnlyForDeploymentPostprocessing = 0;
			shellPath = /bin/sh;
			shellScript = "diff \"${PODS_ROOT}/../Podfile.lock\" \"${PODS_ROOT}/Manifest.lock\" > /dev/null\nif [[ $? != 0 ]] ; then\n    cat << EOM\nerror: The sandbox is not in sync with the Podfile.lock. Run 'pod install' or update your CocoaPods installation.\nEOM\n    exit 1\nfi\n";
			showEnvVarsInLog = 0;
		};
/* End PBXShellScriptBuildPhase section */

/* Begin PBXSourcesBuildPhase section */
		1C1E4CEC1D2095BE00A714C9 /* Sources */ = {
			isa = PBXSourcesBuildPhase;
			buildActionMask = 2147483647;
			files = (
				1C778ACF1D64E7D600FE324A /* EmbeddedUberViewController.swift in Sources */,
				1CAEFCF81D693D420014BA6F /* HistoryViewController.swift in Sources */,
				1CAEFD021D6BE8420014BA6F /* CoreTabBarController.swift in Sources */,
				1CAEFCF21D67B2740014BA6F /* ReservationPopoverViewController.swift in Sources */,
				1CD25A1E1D3ABC5600751A68 /* RecommendationsContentViewController.swift in Sources */,
				1CAEFCF41D69127B0014BA6F /* ReviewCompleteViewController.swift in Sources */,
				1C57C4931D5164EC00CC4BFE /* UserInfoViewController.swift in Sources */,
				1C4F0E351D56C08E00BDADDB /* ReviewViewController.swift in Sources */,
				1C40F0B71D516FBB00010BF4 /* LabelSwitchTableViewCell.swift in Sources */,
				1C1E4CF61D2095BE00A714C9 /* ViewController.swift in Sources */,
				1CD25A1C1D3ABBD500751A68 /* RecommendationsPageViewController.swift in Sources */,
				1CAEFCFA1D6982120014BA6F /* HistoryTableViewCell.swift in Sources */,
				1C4473441D414393007605BF /* ConfirmScheduleViewController.swift in Sources */,
				1C369CD91D483C4F003F8A20 /* ReceiptPageViewController.swift in Sources */,
				1CD25A5E1D3D80CE00751A68 /* RestaurantCuisines.swift in Sources */,
				1CAEFD001D6ADA080014BA6F /* NoResultsViewController.swift in Sources */,
				1C1E4CF41D2095BE00A714C9 /* AppDelegate.swift in Sources */,
				1C40F0B51D516AFA00010BF4 /* LabelTextFieldTableViewCell.swift in Sources */,
				1C7A04A31D37102D001B6924 /* BudgetPreferencesViewController.swift in Sources */,
				1CAEFCFC1D6A59E50014BA6F /* Review.swift in Sources */,
				1CABC8EA1D35C6BF00B8D30A /* CuisinePreferencesViewController.swift in Sources */,
				1C369CD51D4709C4003F8A20 /* LoginViewController.swift in Sources */,
				1CAEFCF61D691D050014BA6F /* CancelConfirmationViewController.swift in Sources */,
				1C23A6321D303AD2007F563D /* TutorialPageContentController.swift in Sources */,
				1C44734C1D4410CB007605BF /* ObtainUserCurrentLocationViewController.swift in Sources */,
				1CD25A141D3AB93100751A68 /* ProfileViewController.swift in Sources */,
				1CD25A5C1D3D7EE700751A68 /* Restaurant.swift in Sources */,
				1CD25A201D3B050700751A68 /* WelcomeViewController.swift in Sources */,
				1CA39A7E1D2F163B000DAA01 /* TutorialPageViewController.swift in Sources */,
				1CD25A601D3D826800751A68 /* RestaurantBudgetRatings.swift in Sources */,
				1C369CD71D47E1FE003F8A20 /* LoginDetailsViewController.swift in Sources */,
				1C4473481D41903D007605BF /* Extensions.swift in Sources */,
				1C4473461D4176D2007605BF /* Reservation.swift in Sources */,
				1C7A04A71D39926A001B6924 /* ManualLocationViewController.swift in Sources */,
			);
			runOnlyForDeploymentPostprocessing = 0;
		};
		1C1E4D001D2095BE00A714C9 /* Sources */ = {
			isa = PBXSourcesBuildPhase;
			buildActionMask = 2147483647;
			files = (
				1C1E4D091D2095BE00A714C9 /* locoTests.swift in Sources */,
			);
			runOnlyForDeploymentPostprocessing = 0;
		};
		1C1E4D0B1D2095BE00A714C9 /* Sources */ = {
			isa = PBXSourcesBuildPhase;
			buildActionMask = 2147483647;
			files = (
				1C1E4D141D2095BE00A714C9 /* locoUITests.swift in Sources */,
			);
			runOnlyForDeploymentPostprocessing = 0;
		};
/* End PBXSourcesBuildPhase section */

/* Begin PBXTargetDependency section */
		1C1E4D061D2095BE00A714C9 /* PBXTargetDependency */ = {
			isa = PBXTargetDependency;
			target = 1C1E4CEF1D2095BE00A714C9 /* loco */;
			targetProxy = 1C1E4D051D2095BE00A714C9 /* PBXContainerItemProxy */;
		};
		1C1E4D111D2095BE00A714C9 /* PBXTargetDependency */ = {
			isa = PBXTargetDependency;
			target = 1C1E4CEF1D2095BE00A714C9 /* loco */;
			targetProxy = 1C1E4D101D2095BE00A714C9 /* PBXContainerItemProxy */;
		};
/* End PBXTargetDependency section */

/* Begin PBXVariantGroup section */
		1C1E4CF71D2095BE00A714C9 /* Main.storyboard */ = {
			isa = PBXVariantGroup;
			children = (
				1C1E4CF81D2095BE00A714C9 /* Base */,
			);
			name = Main.storyboard;
			sourceTree = "<group>";
		};
		1C1E4CFC1D2095BE00A714C9 /* LaunchScreen.storyboard */ = {
			isa = PBXVariantGroup;
			children = (
				1C1E4CFD1D2095BE00A714C9 /* Base */,
			);
			name = LaunchScreen.storyboard;
			sourceTree = "<group>";
		};
/* End PBXVariantGroup section */

/* Begin XCBuildConfiguration section */
		1C1E4D161D2095BE00A714C9 /* Debug */ = {
			isa = XCBuildConfiguration;
			buildSettings = {
				ALWAYS_SEARCH_USER_PATHS = NO;
				CLANG_ANALYZER_NONNULL = YES;
				CLANG_CXX_LANGUAGE_STANDARD = "gnu++0x";
				CLANG_CXX_LIBRARY = "libc++";
				CLANG_ENABLE_MODULES = YES;
				CLANG_ENABLE_OBJC_ARC = YES;
				CLANG_WARN_BOOL_CONVERSION = YES;
				CLANG_WARN_CONSTANT_CONVERSION = YES;
				CLANG_WARN_DIRECT_OBJC_ISA_USAGE = YES_ERROR;
				CLANG_WARN_EMPTY_BODY = YES;
				CLANG_WARN_ENUM_CONVERSION = YES;
				CLANG_WARN_INT_CONVERSION = YES;
				CLANG_WARN_OBJC_ROOT_CLASS = YES_ERROR;
				CLANG_WARN_UNREACHABLE_CODE = YES;
				CLANG_WARN__DUPLICATE_METHOD_MATCH = YES;
				"CODE_SIGN_IDENTITY[sdk=iphoneos*]" = "iPhone Developer";
				COPY_PHASE_STRIP = NO;
				DEBUG_INFORMATION_FORMAT = dwarf;
				ENABLE_STRICT_OBJC_MSGSEND = YES;
				ENABLE_TESTABILITY = YES;
				GCC_C_LANGUAGE_STANDARD = gnu99;
				GCC_DYNAMIC_NO_PIC = NO;
				GCC_NO_COMMON_BLOCKS = YES;
				GCC_OPTIMIZATION_LEVEL = 0;
				GCC_PREPROCESSOR_DEFINITIONS = (
					"DEBUG=1",
					"$(inherited)",
				);
				GCC_WARN_64_TO_32_BIT_CONVERSION = YES;
				GCC_WARN_ABOUT_RETURN_TYPE = YES_ERROR;
				GCC_WARN_UNDECLARED_SELECTOR = YES;
				GCC_WARN_UNINITIALIZED_AUTOS = YES_AGGRESSIVE;
				GCC_WARN_UNUSED_FUNCTION = YES;
				GCC_WARN_UNUSED_VARIABLE = YES;
				IPHONEOS_DEPLOYMENT_TARGET = 9.3;
				MTL_ENABLE_DEBUG_INFO = YES;
				ONLY_ACTIVE_ARCH = YES;
				SDKROOT = iphoneos;
				SWIFT_OPTIMIZATION_LEVEL = "-Onone";
			};
			name = Debug;
		};
		1C1E4D171D2095BE00A714C9 /* Release */ = {
			isa = XCBuildConfiguration;
			buildSettings = {
				ALWAYS_SEARCH_USER_PATHS = NO;
				CLANG_ANALYZER_NONNULL = YES;
				CLANG_CXX_LANGUAGE_STANDARD = "gnu++0x";
				CLANG_CXX_LIBRARY = "libc++";
				CLANG_ENABLE_MODULES = YES;
				CLANG_ENABLE_OBJC_ARC = YES;
				CLANG_WARN_BOOL_CONVERSION = YES;
				CLANG_WARN_CONSTANT_CONVERSION = YES;
				CLANG_WARN_DIRECT_OBJC_ISA_USAGE = YES_ERROR;
				CLANG_WARN_EMPTY_BODY = YES;
				CLANG_WARN_ENUM_CONVERSION = YES;
				CLANG_WARN_INT_CONVERSION = YES;
				CLANG_WARN_OBJC_ROOT_CLASS = YES_ERROR;
				CLANG_WARN_UNREACHABLE_CODE = YES;
				CLANG_WARN__DUPLICATE_METHOD_MATCH = YES;
				"CODE_SIGN_IDENTITY[sdk=iphoneos*]" = "iPhone Developer";
				COPY_PHASE_STRIP = NO;
				DEBUG_INFORMATION_FORMAT = "dwarf-with-dsym";
				ENABLE_NS_ASSERTIONS = NO;
				ENABLE_STRICT_OBJC_MSGSEND = YES;
				GCC_C_LANGUAGE_STANDARD = gnu99;
				GCC_NO_COMMON_BLOCKS = YES;
				GCC_WARN_64_TO_32_BIT_CONVERSION = YES;
				GCC_WARN_ABOUT_RETURN_TYPE = YES_ERROR;
				GCC_WARN_UNDECLARED_SELECTOR = YES;
				GCC_WARN_UNINITIALIZED_AUTOS = YES_AGGRESSIVE;
				GCC_WARN_UNUSED_FUNCTION = YES;
				GCC_WARN_UNUSED_VARIABLE = YES;
				IPHONEOS_DEPLOYMENT_TARGET = 9.3;
				MTL_ENABLE_DEBUG_INFO = NO;
				SDKROOT = iphoneos;
				VALIDATE_PRODUCT = YES;
			};
			name = Release;
		};
		1C1E4D191D2095BE00A714C9 /* Debug */ = {
			isa = XCBuildConfiguration;
			baseConfigurationReference = 00E3E350471806609FC2998F /* Pods-loco.debug.xcconfig */;
			buildSettings = {
				ASSETCATALOG_COMPILER_APPICON_NAME = AppIcon;
				CODE_SIGN_IDENTITY = "iPhone Developer";
				FRAMEWORK_SEARCH_PATHS = (
					"$(inherited)",
					"$(PROJECT_DIR)/build/Debug-iphoneos/FBSDKCoreKit",
					"$(PROJECT_DIR)/build/Debug-iphoneos/FBSDKLoginKit",
				);
				INFOPLIST_FILE = loco/Info.plist;
				LD_RUNPATH_SEARCH_PATHS = "$(inherited) @executable_path/Frameworks";
				PRODUCT_BUNDLE_IDENTIFIER = com.getlocoapp.loco;
				PRODUCT_NAME = "$(TARGET_NAME)";
			};
			name = Debug;
		};
		1C1E4D1A1D2095BE00A714C9 /* Release */ = {
			isa = XCBuildConfiguration;
			baseConfigurationReference = 9E2AF02C76DF524367611042 /* Pods-loco.release.xcconfig */;
			buildSettings = {
				ASSETCATALOG_COMPILER_APPICON_NAME = AppIcon;
				CODE_SIGN_IDENTITY = "iPhone Developer";
				FRAMEWORK_SEARCH_PATHS = (
					"$(inherited)",
					"$(PROJECT_DIR)/build/Debug-iphoneos/FBSDKCoreKit",
					"$(PROJECT_DIR)/build/Debug-iphoneos/FBSDKLoginKit",
				);
				INFOPLIST_FILE = loco/Info.plist;
				LD_RUNPATH_SEARCH_PATHS = "$(inherited) @executable_path/Frameworks";
				PRODUCT_BUNDLE_IDENTIFIER = com.getlocoapp.loco;
				PRODUCT_NAME = "$(TARGET_NAME)";
			};
			name = Release;
		};
		1C1E4D1C1D2095BE00A714C9 /* Debug */ = {
			isa = XCBuildConfiguration;
			baseConfigurationReference = DE28E5A5F49302167CF40548 /* Pods-locoTests.debug.xcconfig */;
			buildSettings = {
				BUNDLE_LOADER = "$(TEST_HOST)";
				INFOPLIST_FILE = locoTests/Info.plist;
				LD_RUNPATH_SEARCH_PATHS = "$(inherited) @executable_path/Frameworks @loader_path/Frameworks";
				PRODUCT_BUNDLE_IDENTIFIER = com.getlocoapp.locoTests;
				PRODUCT_NAME = "$(TARGET_NAME)";
				TEST_HOST = "$(BUILT_PRODUCTS_DIR)/loco.app/loco";
			};
			name = Debug;
		};
		1C1E4D1D1D2095BE00A714C9 /* Release */ = {
			isa = XCBuildConfiguration;
			baseConfigurationReference = C3D3546AD097462DDCD64AB8 /* Pods-locoTests.release.xcconfig */;
			buildSettings = {
				BUNDLE_LOADER = "$(TEST_HOST)";
				INFOPLIST_FILE = locoTests/Info.plist;
				LD_RUNPATH_SEARCH_PATHS = "$(inherited) @executable_path/Frameworks @loader_path/Frameworks";
				PRODUCT_BUNDLE_IDENTIFIER = com.getlocoapp.locoTests;
				PRODUCT_NAME = "$(TARGET_NAME)";
				TEST_HOST = "$(BUILT_PRODUCTS_DIR)/loco.app/loco";
			};
			name = Release;
		};
		1C1E4D1F1D2095BE00A714C9 /* Debug */ = {
			isa = XCBuildConfiguration;
			baseConfigurationReference = 66012A5D1A9752C5278998F4 /* Pods-locoUITests.debug.xcconfig */;
			buildSettings = {
				INFOPLIST_FILE = locoUITests/Info.plist;
				LD_RUNPATH_SEARCH_PATHS = "$(inherited) @executable_path/Frameworks @loader_path/Frameworks";
				PRODUCT_BUNDLE_IDENTIFIER = com.getlocoapp.locoUITests;
				PRODUCT_NAME = "$(TARGET_NAME)";
				TEST_TARGET_NAME = loco;
			};
			name = Debug;
		};
		1C1E4D201D2095BE00A714C9 /* Release */ = {
			isa = XCBuildConfiguration;
			baseConfigurationReference = 1B3A172B0556A3676AB3AC78 /* Pods-locoUITests.release.xcconfig */;
			buildSettings = {
				INFOPLIST_FILE = locoUITests/Info.plist;
				LD_RUNPATH_SEARCH_PATHS = "$(inherited) @executable_path/Frameworks @loader_path/Frameworks";
				PRODUCT_BUNDLE_IDENTIFIER = com.getlocoapp.locoUITests;
				PRODUCT_NAME = "$(TARGET_NAME)";
				TEST_TARGET_NAME = loco;
			};
			name = Release;
		};
/* End XCBuildConfiguration section */

/* Begin XCConfigurationList section */
		1C1E4CEB1D2095BE00A714C9 /* Build configuration list for PBXProject "loco" */ = {
			isa = XCConfigurationList;
			buildConfigurations = (
				1C1E4D161D2095BE00A714C9 /* Debug */,
				1C1E4D171D2095BE00A714C9 /* Release */,
			);
			defaultConfigurationIsVisible = 0;
			defaultConfigurationName = Release;
		};
		1C1E4D181D2095BE00A714C9 /* Build configuration list for PBXNativeTarget "loco" */ = {
			isa = XCConfigurationList;
			buildConfigurations = (
				1C1E4D191D2095BE00A714C9 /* Debug */,
				1C1E4D1A1D2095BE00A714C9 /* Release */,
			);
			defaultConfigurationIsVisible = 0;
			defaultConfigurationName = Release;
		};
		1C1E4D1B1D2095BE00A714C9 /* Build configuration list for PBXNativeTarget "locoTests" */ = {
			isa = XCConfigurationList;
			buildConfigurations = (
				1C1E4D1C1D2095BE00A714C9 /* Debug */,
				1C1E4D1D1D2095BE00A714C9 /* Release */,
			);
			defaultConfigurationIsVisible = 0;
			defaultConfigurationName = Release;
		};
		1C1E4D1E1D2095BE00A714C9 /* Build configuration list for PBXNativeTarget "locoUITests" */ = {
			isa = XCConfigurationList;
			buildConfigurations = (
				1C1E4D1F1D2095BE00A714C9 /* Debug */,
				1C1E4D201D2095BE00A714C9 /* Release */,
			);
			defaultConfigurationIsVisible = 0;
			defaultConfigurationName = Release;
		};
/* End XCConfigurationList section */
	};
	rootObject = 1C1E4CE81D2095BE00A714C9 /* Project object */;
}
